
Microsoft Visual Studio Solution File, Format Version 11.00
# Visual Studio 2010
Project("{FAE04EC0-301F-11D3-BF4B-00C04F79EFBC}") = "DealEntryXmlGenerator", "DealEntryXmlGenerator\DealEntryXmlGenerator.csproj", "{BAD2D83C-A235-4D59-9022-F2F2291A13FA}"
EndProject
Project("{FAE04EC0-301F-11D3-BF4B-00C04F79EFBC}") = "DealEntryXml.Model", "DealEntryXml.Model\DealEntryXml.Model.csproj", "{8CA24E4E-74F1-42C1-AB6E-1C58CC80710E}"
EndProject
Project("{FAE04EC0-301F-11D3-BF4B-00C04F79EFBC}") = "Test.DealEntryXml.Model", "Test.DealEntryXml.Model\Test.DealEntryXml.Model.csproj", "{68CD5B7D-9CDC-4440-8B1B-B7CC19661F0B}"
EndProject
Project("{FAE04EC0-301F-11D3-BF4B-00C04F79EFBC}") = "DealEntryXmlGenerator.Wrapper.Model", "DealEntryXmlGenerator.Wrapper.Model\DealEntryXmlGenerator.Wrapper.Model.csproj", "{38E54D9B-C731-4F0A-84BF-B69D209EDAC5}"
EndProject
Project("{FAE04EC0-301F-11D3-BF4B-00C04F79EFBC}") = "DealEntryXmlGenerator.Controller", "DealEntryXmlGenerator.Controller\DealEntryXmlGenerator.Controller.csproj", "{F9EC43BB-0810-489A-B28C-4B6D9B6ED97F}"
EndProject
Project("{FAE04EC0-301F-11D3-BF4B-00C04F79EFBC}") = "DealEntryXml.Generator.Model", "DealEntryXml.Generator.Model\DealEntryXml.Generator.Model.csproj", "{E6707374-5E14-411D-BF6A-2C43CCD69DBB}"
EndProject
Global
	GlobalSection(TeamFoundationVersionControl) = preSolution
		SccNumberOfProjects = 7
		SccEnterpriseProvider = {4CA58AB2-18FA-4F8D-95D4-32DDF27D184C}
		SccTeamFoundationServer = http://viztfs:8080/tfs/bradyenergy
		SccLocalPath0 = .
		SccProjectUniqueName1 = DealEntryXmlGenerator\\DealEntryXmlGenerator.csproj
		SccProjectName1 = DealEntryXmlGenerator
		SccLocalPath1 = DealEntryXmlGenerator
		SccProjectUniqueName2 = DealEntryXml.Model\\DealEntryXml.Model.csproj
		SccProjectName2 = DealEntryXml.Model
		SccLocalPath2 = DealEntryXml.Model
		SccProjectUniqueName3 = Test.DealEntryXml.Model\\Test.DealEntryXml.Model.csproj
		SccProjectName3 = Test.DealEntryXml.Model
		SccLocalPath3 = Test.DealEntryXml.Model
		SccProjectUniqueName4 = DealEntryXmlGenerator.Wrapper.Model\\DealEntryXmlGenerator.Wrapper.Model.csproj
		SccProjectName4 = DealEntryXmlGenerator.Wrapper.Model
		SccLocalPath4 = DealEntryXmlGenerator.Wrapper.Model
		SccProjectUniqueName5 = DealEntryXmlGenerator.Controller\\DealEntryXmlGenerator.Controller.csproj
		SccProjectName5 = DealEntryXmlGenerator.Controller
		SccLocalPath5 = DealEntryXmlGenerator.Controller
		SccProjectUniqueName6 = DealEntryXml.Generator.Model\\DealEntryXml.Generator.Model.csproj
		SccProjectName6 = DealEntryXml.Generator.Model
		SccLocalPath6 = DealEntryXml.Generator.Model
	EndGlobalSection
	GlobalSection(SolutionConfigurationPlatforms) = preSolution
		Debug|Any CPU = Debug|Any CPU
		Release|Any CPU = Release|Any CPU
	EndGlobalSection
	GlobalSection(ProjectConfigurationPlatforms) = postSolution
		{BAD2D83C-A235-4D59-9022-F2F2291A13FA}.Debug|Any CPU.ActiveCfg = Debug|Any CPU
		{BAD2D83C-A235-4D59-9022-F2F2291A13FA}.Debug|Any CPU.Build.0 = Debug|Any CPU
		{BAD2D83C-A235-4D59-9022-F2F2291A13FA}.Release|Any CPU.ActiveCfg = Release|Any CPU
		{BAD2D83C-A235-4D59-9022-F2F2291A13FA}.Release|Any CPU.Build.0 = Release|Any CPU
		{8CA24E4E-74F1-42C1-AB6E-1C58CC80710E}.Debug|Any CPU.ActiveCfg = Debug|Any CPU
		{8CA24E4E-74F1-42C1-AB6E-1C58CC80710E}.Debug|Any CPU.Build.0 = Debug|Any CPU
		{8CA24E4E-74F1-42C1-AB6E-1C58CC80710E}.Release|Any CPU.ActiveCfg = Release|Any CPU
		{8CA24E4E-74F1-42C1-AB6E-1C58CC80710E}.Release|Any CPU.Build.0 = Release|Any CPU
		{68CD5B7D-9CDC-4440-8B1B-B7CC19661F0B}.Debug|Any CPU.ActiveCfg = Debug|Any CPU
		{68CD5B7D-9CDC-4440-8B1B-B7CC19661F0B}.Debug|Any CPU.Build.0 = Debug|Any CPU
		{68CD5B7D-9CDC-4440-8B1B-B7CC19661F0B}.Release|Any CPU.ActiveCfg = Release|Any CPU
		{68CD5B7D-9CDC-4440-8B1B-B7CC19661F0B}.Release|Any CPU.Build.0 = Release|Any CPU
		{38E54D9B-C731-4F0A-84BF-B69D209EDAC5}.Debug|Any CPU.ActiveCfg = Debug|Any CPU
		{38E54D9B-C731-4F0A-84BF-B69D209EDAC5}.Debug|Any CPU.Build.0 = Debug|Any CPU
		{38E54D9B-C731-4F0A-84BF-B69D209EDAC5}.Release|Any CPU.ActiveCfg = Release|Any CPU
		{38E54D9B-C731-4F0A-84BF-B69D209EDAC5}.Release|Any CPU.Build.0 = Release|Any CPU
		{F9EC43BB-0810-489A-B28C-4B6D9B6ED97F}.Debug|Any CPU.ActiveCfg = Debug|Any CPU
		{F9EC43BB-0810-489A-B28C-4B6D9B6ED97F}.Debug|Any CPU.Build.0 = Debug|Any CPU
		{F9EC43BB-0810-489A-B28C-4B6D9B6ED97F}.Release|Any CPU.ActiveCfg = Release|Any CPU
		{F9EC43BB-0810-489A-B28C-4B6D9B6ED97F}.Release|Any CPU.Build.0 = Release|Any CPU
		{E6707374-5E14-411D-BF6A-2C43CCD69DBB}.Debug|Any CPU.ActiveCfg = Debug|Any CPU
		{E6707374-5E14-411D-BF6A-2C43CCD69DBB}.Debug|Any CPU.Build.0 = Debug|Any CPU
		{E6707374-5E14-411D-BF6A-2C43CCD69DBB}.Release|Any CPU.ActiveCfg = Release|Any CPU
		{E6707374-5E14-411D-BF6A-2C43CCD69DBB}.Release|Any CPU.Build.0 = Release|Any CPU
	EndGlobalSection
	GlobalSection(SolutionProperties) = preSolution
		HideSolutionNode = FALSE
	EndGlobalSection
EndGlobal
