
Microsoft Visual Studio Solution File, Format Version 11.00
# Visual Studio 2010
Project("{FAE04EC0-301F-11D3-BF4B-00C04F79EFBC}") = "SendRequestToAvtiveMQ", "SendRequestToAvtiveMQ\SendRequestToAvtiveMQ.csproj", "{B6A47139-85C1-49ED-A753-5A490206E51F}"
EndProject
Project("{FAE04EC0-301F-11D3-BF4B-00C04F79EFBC}") = "CompareTransactions", "CompareTransactions\CompareTransactions.csproj", "{B32D5D47-6368-4BDD-BFD4-39EC83BA532F}"
EndProject
Global
	GlobalSection(TeamFoundationVersionControl) = preSolution
		SccNumberOfProjects = 3
		SccEnterpriseProvider = {4CA58AB2-18FA-4F8D-95D4-32DDF27D184C}
		SccTeamFoundationServer = http://bervs-tfs05:8080/tfs/bradyenergy
		SccLocalPath0 = .
		SccProjectUniqueName1 = SendRequestToAvtiveMQ\\SendRequestToAvtiveMQ.csproj
		SccProjectName1 = SendRequestToAvtiveMQ
		SccLocalPath1 = SendRequestToAvtiveMQ
		SccProjectUniqueName2 = CompareTransactions\\CompareTransactions.csproj
		SccProjectName2 = CompareTransactions
		SccLocalPath2 = CompareTransactions
	EndGlobalSection
	GlobalSection(SolutionConfigurationPlatforms) = preSolution
		Debug|Any CPU = Debug|Any CPU
		Release|Any CPU = Release|Any CPU
	EndGlobalSection
	GlobalSection(ProjectConfigurationPlatforms) = postSolution
		{B6A47139-85C1-49ED-A753-5A490206E51F}.Debug|Any CPU.ActiveCfg = Debug|Any CPU
		{B6A47139-85C1-49ED-A753-5A490206E51F}.Debug|Any CPU.Build.0 = Debug|Any CPU
		{B6A47139-85C1-49ED-A753-5A490206E51F}.Release|Any CPU.ActiveCfg = Release|Any CPU
		{B6A47139-85C1-49ED-A753-5A490206E51F}.Release|Any CPU.Build.0 = Release|Any CPU
		{B32D5D47-6368-4BDD-BFD4-39EC83BA532F}.Debug|Any CPU.ActiveCfg = Debug|Any CPU
		{B32D5D47-6368-4BDD-BFD4-39EC83BA532F}.Debug|Any CPU.Build.0 = Debug|Any CPU
		{B32D5D47-6368-4BDD-BFD4-39EC83BA532F}.Release|Any CPU.ActiveCfg = Release|Any CPU
		{B32D5D47-6368-4BDD-BFD4-39EC83BA532F}.Release|Any CPU.Build.0 = Release|Any CPU
	EndGlobalSection
	GlobalSection(SolutionProperties) = preSolution
		HideSolutionNode = FALSE
	EndGlobalSection
EndGlobal
