
Microsoft Visual Studio Solution File, Format Version 12.00
# Visual Studio 15
VisualStudioVersion = 15.0.27130.2036
MinimumVisualStudioVersion = 10.0.40219.1
Project("{FAE04EC0-301F-11D3-BF4B-00C04F79EFBC}") = "TestEcmBatch", "EcmBatchTests\TestEcmBatch.csproj", "{58D9BFEE-729E-4647-B6C7-B9E9195C6358}"
EndProject
Project("{FAE04EC0-301F-11D3-BF4B-00C04F79EFBC}") = "TestErmBatch", "ErmBatchTest\TestErmBatch.csproj", "{637E025B-94C3-4A01-8D09-0B7DFF651359}"
EndProject
Project("{FAE04EC0-301F-11D3-BF4B-00C04F79EFBC}") = "ElvizTestUtils", "BatchTestUtils\ElvizTestUtils.csproj", "{499B3141-DF25-497C-AA4F-4915481CD406}"
EndProject
Project("{FAE04EC0-301F-11D3-BF4B-00C04F79EFBC}") = "TestWCFDealInsert", "TestWCFDealInsert\TestWCFDealInsert.csproj", "{7A1BDDE1-6849-4F31-858A-465F341BCD4E}"
EndProject
Project("{FAE04EC0-301F-11D3-BF4B-00C04F79EFBC}") = "TestWCFCurveService", "TestWCFCurveService\TestWCFCurveService.csproj", "{3022E908-4D9E-4979-A334-6AA6CC339730}"
EndProject
Project("{FAE04EC0-301F-11D3-BF4B-00C04F79EFBC}") = "TestWCFHistoricMarketDataService", "TestWCFHistoricMarketDataService\TestWCFHistoricMarketDataService.csproj", "{EAE86D2C-0CC0-498C-AD27-CC21C353805E}"
EndProject
Project("{FAE04EC0-301F-11D3-BF4B-00C04F79EFBC}") = "TestWCFDealServiceFees", "TestWCFDealServiceFees\TestWCFDealServiceFees.csproj", "{60D92A29-CC85-42FC-BEDD-725EDAA9742D}"
EndProject
Project("{FAE04EC0-301F-11D3-BF4B-00C04F79EFBC}") = "TestWCFPortfolioManagementService", "TestWCFPortfolioManagementService\TestWCFPortfolioManagementService.csproj", "{AEDC1798-9C88-4E14-A745-C79A1F17064B}"
EndProject
Project("{FAE04EC0-301F-11D3-BF4B-00C04F79EFBC}") = "TestWCFDealServiceSetFunctions", "TestWCFDealServiceSetPropertyValues\TestWCFDealServiceSetFunctions.csproj", "{A07E3F73-FA40-4415-9F45-300ED204BA06}"
EndProject
Project("{FAE04EC0-301F-11D3-BF4B-00C04F79EFBC}") = "TestWCFDealInsertUpdate", "TestWCFDealInsertUpdate\TestWCFDealInsertUpdate.csproj", "{57531EE3-568C-4771-8963-CB180357ED56}"
EndProject
Project("{FAE04EC0-301F-11D3-BF4B-00C04F79EFBC}") = "TestWCFDealInsertWithResultMessage", "TestWCFDealInsertWithResultMessage\TestWCFDealInsertWithResultMessage.csproj", "{397F9324-6D80-4FB3-8CD6-F265E74235C7}"
EndProject
Project("{FAE04EC0-301F-11D3-BF4B-00C04F79EFBC}") = "TestElvizUpdateTool", "TestUpdateUtil\TestElvizUpdateTool.csproj", "{A914D8BC-D6BC-4CF1-BF10-6BDC5575896E}"
EndProject
Project("{FAE04EC0-301F-11D3-BF4B-00C04F79EFBC}") = "TestWCFReportEngine", "TestWCFReportEngine\TestWCFReportEngine.csproj", "{43DAFC69-F8CF-409D-BDFE-CE676E193C13}"
EndProject
Project("{FAE04EC0-301F-11D3-BF4B-00C04F79EFBC}") = "TestWCFVolatilityService", "TestWCFVolatilityService\TestWCFVolatilityService.csproj", "{E71D503E-A111-4020-9174-3B54D8FF8419}"
EndProject
Project("{FAE04EC0-301F-11D3-BF4B-00C04F79EFBC}") = "TestWCFDealInsertUpdateRevision", "TestWCFDealInsertUpdateRevision\TestWCFDealInsertUpdateRevision.csproj", "{8217DB07-459D-40F4-8565-8F971D846CBB}"
EndProject
Project("{FAE04EC0-301F-11D3-BF4B-00C04F79EFBC}") = "TestFileWatcherWithUtils", "TestFileWatcherWithUtils\TestFileWatcherWithUtils.csproj", "{FF879040-CE72-4F4D-8719-5E8E1249EC36}"
EndProject
Project("{FAE04EC0-301F-11D3-BF4B-00C04F79EFBC}") = "TestLiveCurveSchedulingVolatility", "TestLiveCurveScheduling\TestLiveCurveSchedulingVolatility.csproj", "{8F44A0E9-7355-4DAE-B73B-A8149FA0F3F9}"
EndProject
Project("{FAE04EC0-301F-11D3-BF4B-00C04F79EFBC}") = "TestCompleteRequestToActiveMQ", "TestCompleteRequestToActiveMQ\TestCompleteRequestToActiveMQ.csproj", "{73428B4D-3745-4D81-ACDB-278492616101}"
EndProject
Project("{FAE04EC0-301F-11D3-BF4B-00C04F79EFBC}") = "BatchTestCompareExcelAddIn", "BatchTestCompareExcelAddIn\BatchTestCompareExcelAddIn.csproj", "{B3FAB56E-0BC7-446C-A221-11359DA4B65F}"
EndProject
Project("{FAE04EC0-301F-11D3-BF4B-00C04F79EFBC}") = "TestExecute", "TestExecute\TestExecute.csproj", "{32BA0DDE-640D-41A7-BCB3-8DDDC50852B6}"
EndProject
Project("{FAE04EC0-301F-11D3-BF4B-00C04F79EFBC}") = "TestCompleteCompareTransactions", "TestCompleteCompareTransactions\TestCompleteCompareTransactions.csproj", "{C0CB56F2-830B-4F0D-B184-06ACADF562EA}"
EndProject
Project("{FAE04EC0-301F-11D3-BF4B-00C04F79EFBC}") = "TestWCFFunctionList", "TestWCFFunctionList\TestWCFFunctionList.csproj", "{90D8065F-0B72-4127-8831-5E342D6ACA7B}"
EndProject
Project("{FAE04EC0-301F-11D3-BF4B-00C04F79EFBC}") = "TestWSMSelenium", "TestWSMSelenium\TestWSMSelenium.csproj", "{16F32800-A863-4B0D-908B-E96E46DA10CB}"
EndProject
Project("{FAE04EC0-301F-11D3-BF4B-00C04F79EFBC}") = "TestWCFCurrencyAccountBalanceService", "TestWCFCurrencyAccountBalanceService\TestWCFCurrencyAccountBalanceService.csproj", "{8F307DA4-DECD-4880-925D-DD05F7307EBC}"
EndProject
Project("{FAE04EC0-301F-11D3-BF4B-00C04F79EFBC}") = "TestSeleniumCRV", "TestSeleniumCRV\TestSeleniumCRV.csproj", "{5275AE18-923C-4FE2-BCF7-67487A7CFF0B}"
EndProject
Project("{FAE04EC0-301F-11D3-BF4B-00C04F79EFBC}") = "QAAppServerServiceClientConsole", "QAAppServerServiceClientConsole\QAAppServerServiceClientConsole.csproj", "{9116424F-BB5A-4CA6-9719-AA9E2F88BF74}"
EndProject
Project("{FAE04EC0-301F-11D3-BF4B-00C04F79EFBC}") = "TestEcmCustomConfig", "TestEcmCustomConfig\TestEcmCustomConfig.csproj", "{104EA1CB-A900-4E30-8344-13735097C381}"
EndProject
Project("{FAE04EC0-301F-11D3-BF4B-00C04F79EFBC}") = "TestErmCustomConfig", "TestErmCustomConfig\TestErmCustomConfig.csproj", "{237C1321-4809-44FF-948E-CB1AA48DDEE3}"
EndProject
Project("{FAE04EC0-301F-11D3-BF4B-00C04F79EFBC}") = "TestActiveMQLookups", "TestActiveMQLookups\TestActiveMQLookups.csproj", "{06D48376-6E54-4189-B684-0005AF2947CF}"
EndProject
Project("{FAE04EC0-301F-11D3-BF4B-00C04F79EFBC}") = "TestGenConExport", "TestGenConExport\TestGenConExport.csproj", "{139B4DA2-D394-43F4-9974-8641CBAE86B5}"
EndProject
Project("{FAE04EC0-301F-11D3-BF4B-00C04F79EFBC}") = "TestWCFLookupService", "TestWCFLookupService\TestWCFLookupService.csproj", "{47A4D81E-635C-41F8-9114-891B0A2573B6}"
EndProject
Project("{FAE04EC0-301F-11D3-BF4B-00C04F79EFBC}") = "TestWCFGetPriceCurveByCriteriaLive", "TestWCFGetPriceCurveByCriteriaLive\TestWCFGetPriceCurveByCriteriaLive.csproj", "{11E9517C-5082-4C8E-B9E1-D553515C0EC7}"
EndProject
Project("{FAE04EC0-301F-11D3-BF4B-00C04F79EFBC}") = "TestWCFAuditTrailAPI", "TestWCFAuditTrailAPI\TestWCFAuditTrailAPI.csproj", "{38AEFF42-234C-45FE-A71D-F4B0A85E39D2}"
EndProject
Project("{FAE04EC0-301F-11D3-BF4B-00C04F79EFBC}") = "TestWSMSeleniumWAAD", "TestWSMSeleniumWAAD\TestWSMSeleniumWAAD.csproj", "{452980C6-000A-4518-B4A1-76CD7257A421}"
EndProject
Project("{FAE04EC0-301F-11D3-BF4B-00C04F79EFBC}") = "TestReportingDB", "TestReportingDB\TestReportingDB.csproj", "{B973EE1B-E3FB-46B3-A177-A19B40D5BE9D}"
EndProject
Project("{FAE04EC0-301F-11D3-BF4B-00C04F79EFBC}") = "TestRegulatoryReporting", "TestRegulatoryReporting\TestRegulatoryReporting.csproj", "{B0DBE2AA-1ABF-40C6-B553-832D6C9A0A3F}"
EndProject
Project("{FAE04EC0-301F-11D3-BF4B-00C04F79EFBC}") = "LoadStaticData", "LoadStaticData\LoadStaticData.csproj", "{7B51D9C8-7959-4AD9-8F68-7E36FCC75038}"
EndProject
Project("{FAE04EC0-301F-11D3-BF4B-00C04F79EFBC}") = "PreTestWeb", "PreTestWEb\PreTestWeb.csproj", "{212BB01C-A8B1-4BD6-9226-B8FDCA384B0B}"
EndProject
Project("{FAE04EC0-301F-11D3-BF4B-00C04F79EFBC}") = "TestMembershipServiceLogin", "TestMembershipServiceLogin\TestMembershipServiceLogin.csproj", "{FC9A2800-F2DA-4FB7-9606-D7A528A41CDA}"
EndProject
Project("{FAE04EC0-301F-11D3-BF4B-00C04F79EFBC}") = "TestElvizUpdateTools.Tests", "TestElvizUpdateTools.Tests\TestElvizUpdateTools.Tests.csproj", "{6FF64D76-0D9E-4F7C-B081-AC966913860A}"
EndProject
Global
	GlobalSection(SolutionConfigurationPlatforms) = preSolution
		Debug|Any CPU = Debug|Any CPU
		Debug|Mixed Platforms = Debug|Mixed Platforms
		Debug|x86 = Debug|x86
		Pretest|Any CPU = Pretest|Any CPU
		Pretest|Mixed Platforms = Pretest|Mixed Platforms
		Pretest|x86 = Pretest|x86
		Release|Any CPU = Release|Any CPU
		Release|Mixed Platforms = Release|Mixed Platforms
		Release|x86 = Release|x86
		Release32bit|Any CPU = Release32bit|Any CPU
		Release32bit|Mixed Platforms = Release32bit|Mixed Platforms
		Release32bit|x86 = Release32bit|x86
	EndGlobalSection
	GlobalSection(ProjectConfigurationPlatforms) = postSolution
		{58D9BFEE-729E-4647-B6C7-B9E9195C6358}.Debug|Any CPU.ActiveCfg = Debug|Any CPU
		{58D9BFEE-729E-4647-B6C7-B9E9195C6358}.Debug|Any CPU.Build.0 = Debug|Any CPU
		{58D9BFEE-729E-4647-B6C7-B9E9195C6358}.Debug|Mixed Platforms.ActiveCfg = Debug|Any CPU
		{58D9BFEE-729E-4647-B6C7-B9E9195C6358}.Debug|Mixed Platforms.Build.0 = Debug|Any CPU
		{58D9BFEE-729E-4647-B6C7-B9E9195C6358}.Debug|x86.ActiveCfg = Debug|Any CPU
		{58D9BFEE-729E-4647-B6C7-B9E9195C6358}.Pretest|Any CPU.ActiveCfg = Pretest|Any CPU
		{58D9BFEE-729E-4647-B6C7-B9E9195C6358}.Pretest|Any CPU.Build.0 = Pretest|Any CPU
		{58D9BFEE-729E-4647-B6C7-B9E9195C6358}.Pretest|Mixed Platforms.ActiveCfg = Pretest|Any CPU
		{58D9BFEE-729E-4647-B6C7-B9E9195C6358}.Pretest|x86.ActiveCfg = Pretest|Any CPU
		{58D9BFEE-729E-4647-B6C7-B9E9195C6358}.Pretest|x86.Build.0 = Pretest|Any CPU
		{58D9BFEE-729E-4647-B6C7-B9E9195C6358}.Release|Any CPU.ActiveCfg = Release|Any CPU
		{58D9BFEE-729E-4647-B6C7-B9E9195C6358}.Release|Any CPU.Build.0 = Release|Any CPU
		{58D9BFEE-729E-4647-B6C7-B9E9195C6358}.Release|Mixed Platforms.ActiveCfg = Release|Any CPU
		{58D9BFEE-729E-4647-B6C7-B9E9195C6358}.Release|Mixed Platforms.Build.0 = Release|Any CPU
		{58D9BFEE-729E-4647-B6C7-B9E9195C6358}.Release|x86.ActiveCfg = Release|Any CPU
		{58D9BFEE-729E-4647-B6C7-B9E9195C6358}.Release32bit|Any CPU.ActiveCfg = Release|Any CPU
		{58D9BFEE-729E-4647-B6C7-B9E9195C6358}.Release32bit|Any CPU.Build.0 = Release|Any CPU
		{58D9BFEE-729E-4647-B6C7-B9E9195C6358}.Release32bit|Mixed Platforms.ActiveCfg = Release|Any CPU
		{58D9BFEE-729E-4647-B6C7-B9E9195C6358}.Release32bit|Mixed Platforms.Build.0 = Release|Any CPU
		{58D9BFEE-729E-4647-B6C7-B9E9195C6358}.Release32bit|x86.ActiveCfg = Release|Any CPU
		{58D9BFEE-729E-4647-B6C7-B9E9195C6358}.Release32bit|x86.Build.0 = Release|Any CPU
		{637E025B-94C3-4A01-8D09-0B7DFF651359}.Debug|Any CPU.ActiveCfg = Debug|Any CPU
		{637E025B-94C3-4A01-8D09-0B7DFF651359}.Debug|Any CPU.Build.0 = Debug|Any CPU
		{637E025B-94C3-4A01-8D09-0B7DFF651359}.Debug|Mixed Platforms.ActiveCfg = Debug|Any CPU
		{637E025B-94C3-4A01-8D09-0B7DFF651359}.Debug|Mixed Platforms.Build.0 = Debug|Any CPU
		{637E025B-94C3-4A01-8D09-0B7DFF651359}.Debug|x86.ActiveCfg = Debug|Any CPU
		{637E025B-94C3-4A01-8D09-0B7DFF651359}.Pretest|Any CPU.ActiveCfg = Pretest|Any CPU
		{637E025B-94C3-4A01-8D09-0B7DFF651359}.Pretest|Any CPU.Build.0 = Pretest|Any CPU
		{637E025B-94C3-4A01-8D09-0B7DFF651359}.Pretest|Mixed Platforms.ActiveCfg = Pretest|Any CPU
		{637E025B-94C3-4A01-8D09-0B7DFF651359}.Pretest|x86.ActiveCfg = Pretest|Any CPU
		{637E025B-94C3-4A01-8D09-0B7DFF651359}.Pretest|x86.Build.0 = Pretest|Any CPU
		{637E025B-94C3-4A01-8D09-0B7DFF651359}.Release|Any CPU.ActiveCfg = Release|Any CPU
		{637E025B-94C3-4A01-8D09-0B7DFF651359}.Release|Any CPU.Build.0 = Release|Any CPU
		{637E025B-94C3-4A01-8D09-0B7DFF651359}.Release|Mixed Platforms.ActiveCfg = Release|Any CPU
		{637E025B-94C3-4A01-8D09-0B7DFF651359}.Release|Mixed Platforms.Build.0 = Release|Any CPU
		{637E025B-94C3-4A01-8D09-0B7DFF651359}.Release|x86.ActiveCfg = Release|Any CPU
		{637E025B-94C3-4A01-8D09-0B7DFF651359}.Release32bit|Any CPU.ActiveCfg = Release|Any CPU
		{637E025B-94C3-4A01-8D09-0B7DFF651359}.Release32bit|Any CPU.Build.0 = Release|Any CPU
		{637E025B-94C3-4A01-8D09-0B7DFF651359}.Release32bit|Mixed Platforms.ActiveCfg = Release|Any CPU
		{637E025B-94C3-4A01-8D09-0B7DFF651359}.Release32bit|Mixed Platforms.Build.0 = Release|Any CPU
		{637E025B-94C3-4A01-8D09-0B7DFF651359}.Release32bit|x86.ActiveCfg = Release|Any CPU
		{637E025B-94C3-4A01-8D09-0B7DFF651359}.Release32bit|x86.Build.0 = Release|Any CPU
		{499B3141-DF25-497C-AA4F-4915481CD406}.Debug|Any CPU.ActiveCfg = Debug|Any CPU
		{499B3141-DF25-497C-AA4F-4915481CD406}.Debug|Any CPU.Build.0 = Debug|Any CPU
		{499B3141-DF25-497C-AA4F-4915481CD406}.Debug|Mixed Platforms.ActiveCfg = Debug|Any CPU
		{499B3141-DF25-497C-AA4F-4915481CD406}.Debug|Mixed Platforms.Build.0 = Debug|Any CPU
		{499B3141-DF25-497C-AA4F-4915481CD406}.Debug|x86.ActiveCfg = Debug|Any CPU
		{499B3141-DF25-497C-AA4F-4915481CD406}.Pretest|Any CPU.ActiveCfg = Pretest|Any CPU
		{499B3141-DF25-497C-AA4F-4915481CD406}.Pretest|Any CPU.Build.0 = Pretest|Any CPU
		{499B3141-DF25-497C-AA4F-4915481CD406}.Pretest|Mixed Platforms.ActiveCfg = Pretest|Any CPU
		{499B3141-DF25-497C-AA4F-4915481CD406}.Pretest|Mixed Platforms.Build.0 = Pretest|Any CPU
		{499B3141-DF25-497C-AA4F-4915481CD406}.Pretest|x86.ActiveCfg = Pretest|Any CPU
		{499B3141-DF25-497C-AA4F-4915481CD406}.Pretest|x86.Build.0 = Pretest|Any CPU
		{499B3141-DF25-497C-AA4F-4915481CD406}.Release|Any CPU.ActiveCfg = Release|Any CPU
		{499B3141-DF25-497C-AA4F-4915481CD406}.Release|Any CPU.Build.0 = Release|Any CPU
		{499B3141-DF25-497C-AA4F-4915481CD406}.Release|Mixed Platforms.ActiveCfg = Release|Any CPU
		{499B3141-DF25-497C-AA4F-4915481CD406}.Release|Mixed Platforms.Build.0 = Release|Any CPU
		{499B3141-DF25-497C-AA4F-4915481CD406}.Release|x86.ActiveCfg = Release|Any CPU
		{499B3141-DF25-497C-AA4F-4915481CD406}.Release32bit|Any CPU.ActiveCfg = Release|Any CPU
		{499B3141-DF25-497C-AA4F-4915481CD406}.Release32bit|Any CPU.Build.0 = Release|Any CPU
		{499B3141-DF25-497C-AA4F-4915481CD406}.Release32bit|Mixed Platforms.ActiveCfg = Release|Any CPU
		{499B3141-DF25-497C-AA4F-4915481CD406}.Release32bit|Mixed Platforms.Build.0 = Release|Any CPU
		{499B3141-DF25-497C-AA4F-4915481CD406}.Release32bit|x86.ActiveCfg = Release|Any CPU
		{499B3141-DF25-497C-AA4F-4915481CD406}.Release32bit|x86.Build.0 = Release|Any CPU
		{7A1BDDE1-6849-4F31-858A-465F341BCD4E}.Debug|Any CPU.ActiveCfg = Debug|Any CPU
		{7A1BDDE1-6849-4F31-858A-465F341BCD4E}.Debug|Any CPU.Build.0 = Debug|Any CPU
		{7A1BDDE1-6849-4F31-858A-465F341BCD4E}.Debug|Mixed Platforms.ActiveCfg = Debug|Any CPU
		{7A1BDDE1-6849-4F31-858A-465F341BCD4E}.Debug|Mixed Platforms.Build.0 = Debug|Any CPU
		{7A1BDDE1-6849-4F31-858A-465F341BCD4E}.Debug|x86.ActiveCfg = Debug|Any CPU
		{7A1BDDE1-6849-4F31-858A-465F341BCD4E}.Pretest|Any CPU.ActiveCfg = Pretest|Any CPU
		{7A1BDDE1-6849-4F31-858A-465F341BCD4E}.Pretest|Any CPU.Build.0 = Pretest|Any CPU
		{7A1BDDE1-6849-4F31-858A-465F341BCD4E}.Pretest|Mixed Platforms.ActiveCfg = Pretest|Any CPU
		{7A1BDDE1-6849-4F31-858A-465F341BCD4E}.Pretest|x86.ActiveCfg = Pretest|Any CPU
		{7A1BDDE1-6849-4F31-858A-465F341BCD4E}.Pretest|x86.Build.0 = Pretest|Any CPU
		{7A1BDDE1-6849-4F31-858A-465F341BCD4E}.Release|Any CPU.ActiveCfg = Release|Any CPU
		{7A1BDDE1-6849-4F31-858A-465F341BCD4E}.Release|Any CPU.Build.0 = Release|Any CPU
		{7A1BDDE1-6849-4F31-858A-465F341BCD4E}.Release|Mixed Platforms.ActiveCfg = Release|Any CPU
		{7A1BDDE1-6849-4F31-858A-465F341BCD4E}.Release|Mixed Platforms.Build.0 = Release|Any CPU
		{7A1BDDE1-6849-4F31-858A-465F341BCD4E}.Release|x86.ActiveCfg = Release|Any CPU
		{7A1BDDE1-6849-4F31-858A-465F341BCD4E}.Release32bit|Any CPU.ActiveCfg = Release|Any CPU
		{7A1BDDE1-6849-4F31-858A-465F341BCD4E}.Release32bit|Any CPU.Build.0 = Release|Any CPU
		{7A1BDDE1-6849-4F31-858A-465F341BCD4E}.Release32bit|Mixed Platforms.ActiveCfg = Release|Any CPU
		{7A1BDDE1-6849-4F31-858A-465F341BCD4E}.Release32bit|Mixed Platforms.Build.0 = Release|Any CPU
		{7A1BDDE1-6849-4F31-858A-465F341BCD4E}.Release32bit|x86.ActiveCfg = Release|Any CPU
		{7A1BDDE1-6849-4F31-858A-465F341BCD4E}.Release32bit|x86.Build.0 = Release|Any CPU
		{3022E908-4D9E-4979-A334-6AA6CC339730}.Debug|Any CPU.ActiveCfg = Debug|Any CPU
		{3022E908-4D9E-4979-A334-6AA6CC339730}.Debug|Any CPU.Build.0 = Debug|Any CPU
		{3022E908-4D9E-4979-A334-6AA6CC339730}.Debug|Mixed Platforms.ActiveCfg = Debug|Any CPU
		{3022E908-4D9E-4979-A334-6AA6CC339730}.Debug|Mixed Platforms.Build.0 = Debug|Any CPU
		{3022E908-4D9E-4979-A334-6AA6CC339730}.Debug|x86.ActiveCfg = Debug|Any CPU
		{3022E908-4D9E-4979-A334-6AA6CC339730}.Pretest|Any CPU.ActiveCfg = Pretest|Any CPU
		{3022E908-4D9E-4979-A334-6AA6CC339730}.Pretest|Any CPU.Build.0 = Pretest|Any CPU
		{3022E908-4D9E-4979-A334-6AA6CC339730}.Pretest|Mixed Platforms.ActiveCfg = Pretest|Any CPU
		{3022E908-4D9E-4979-A334-6AA6CC339730}.Pretest|x86.ActiveCfg = Pretest|Any CPU
		{3022E908-4D9E-4979-A334-6AA6CC339730}.Pretest|x86.Build.0 = Pretest|Any CPU
		{3022E908-4D9E-4979-A334-6AA6CC339730}.Release|Any CPU.ActiveCfg = Release|Any CPU
		{3022E908-4D9E-4979-A334-6AA6CC339730}.Release|Any CPU.Build.0 = Release|Any CPU
		{3022E908-4D9E-4979-A334-6AA6CC339730}.Release|Mixed Platforms.ActiveCfg = Release|Any CPU
		{3022E908-4D9E-4979-A334-6AA6CC339730}.Release|Mixed Platforms.Build.0 = Release|Any CPU
		{3022E908-4D9E-4979-A334-6AA6CC339730}.Release|x86.ActiveCfg = Release|Any CPU
		{3022E908-4D9E-4979-A334-6AA6CC339730}.Release32bit|Any CPU.ActiveCfg = Release|Any CPU
		{3022E908-4D9E-4979-A334-6AA6CC339730}.Release32bit|Any CPU.Build.0 = Release|Any CPU
		{3022E908-4D9E-4979-A334-6AA6CC339730}.Release32bit|Mixed Platforms.ActiveCfg = Release|Any CPU
		{3022E908-4D9E-4979-A334-6AA6CC339730}.Release32bit|Mixed Platforms.Build.0 = Release|Any CPU
		{3022E908-4D9E-4979-A334-6AA6CC339730}.Release32bit|x86.ActiveCfg = Release|Any CPU
		{3022E908-4D9E-4979-A334-6AA6CC339730}.Release32bit|x86.Build.0 = Release|Any CPU
		{EAE86D2C-0CC0-498C-AD27-CC21C353805E}.Debug|Any CPU.ActiveCfg = Debug|Any CPU
		{EAE86D2C-0CC0-498C-AD27-CC21C353805E}.Debug|Any CPU.Build.0 = Debug|Any CPU
		{EAE86D2C-0CC0-498C-AD27-CC21C353805E}.Debug|Mixed Platforms.ActiveCfg = Debug|Any CPU
		{EAE86D2C-0CC0-498C-AD27-CC21C353805E}.Debug|Mixed Platforms.Build.0 = Debug|Any CPU
		{EAE86D2C-0CC0-498C-AD27-CC21C353805E}.Debug|x86.ActiveCfg = Debug|Any CPU
		{EAE86D2C-0CC0-498C-AD27-CC21C353805E}.Pretest|Any CPU.ActiveCfg = Pretest|Any CPU
		{EAE86D2C-0CC0-498C-AD27-CC21C353805E}.Pretest|Any CPU.Build.0 = Pretest|Any CPU
		{EAE86D2C-0CC0-498C-AD27-CC21C353805E}.Pretest|Mixed Platforms.ActiveCfg = Pretest|Any CPU
		{EAE86D2C-0CC0-498C-AD27-CC21C353805E}.Pretest|x86.ActiveCfg = Pretest|Any CPU
		{EAE86D2C-0CC0-498C-AD27-CC21C353805E}.Pretest|x86.Build.0 = Pretest|Any CPU
		{EAE86D2C-0CC0-498C-AD27-CC21C353805E}.Release|Any CPU.ActiveCfg = Release|Any CPU
		{EAE86D2C-0CC0-498C-AD27-CC21C353805E}.Release|Any CPU.Build.0 = Release|Any CPU
		{EAE86D2C-0CC0-498C-AD27-CC21C353805E}.Release|Mixed Platforms.ActiveCfg = Release|Any CPU
		{EAE86D2C-0CC0-498C-AD27-CC21C353805E}.Release|Mixed Platforms.Build.0 = Release|Any CPU
		{EAE86D2C-0CC0-498C-AD27-CC21C353805E}.Release|x86.ActiveCfg = Release|Any CPU
		{EAE86D2C-0CC0-498C-AD27-CC21C353805E}.Release32bit|Any CPU.ActiveCfg = Release|Any CPU
		{EAE86D2C-0CC0-498C-AD27-CC21C353805E}.Release32bit|Any CPU.Build.0 = Release|Any CPU
		{EAE86D2C-0CC0-498C-AD27-CC21C353805E}.Release32bit|Mixed Platforms.ActiveCfg = Release|Any CPU
		{EAE86D2C-0CC0-498C-AD27-CC21C353805E}.Release32bit|Mixed Platforms.Build.0 = Release|Any CPU
		{EAE86D2C-0CC0-498C-AD27-CC21C353805E}.Release32bit|x86.ActiveCfg = Release|Any CPU
		{EAE86D2C-0CC0-498C-AD27-CC21C353805E}.Release32bit|x86.Build.0 = Release|Any CPU
		{60D92A29-CC85-42FC-BEDD-725EDAA9742D}.Debug|Any CPU.ActiveCfg = Debug|Any CPU
		{60D92A29-CC85-42FC-BEDD-725EDAA9742D}.Debug|Any CPU.Build.0 = Debug|Any CPU
		{60D92A29-CC85-42FC-BEDD-725EDAA9742D}.Debug|Mixed Platforms.ActiveCfg = Debug|Any CPU
		{60D92A29-CC85-42FC-BEDD-725EDAA9742D}.Debug|Mixed Platforms.Build.0 = Debug|Any CPU
		{60D92A29-CC85-42FC-BEDD-725EDAA9742D}.Debug|x86.ActiveCfg = Debug|Any CPU
		{60D92A29-CC85-42FC-BEDD-725EDAA9742D}.Pretest|Any CPU.ActiveCfg = Pretest|Any CPU
		{60D92A29-CC85-42FC-BEDD-725EDAA9742D}.Pretest|Any CPU.Build.0 = Pretest|Any CPU
		{60D92A29-CC85-42FC-BEDD-725EDAA9742D}.Pretest|Mixed Platforms.ActiveCfg = Pretest|Any CPU
		{60D92A29-CC85-42FC-BEDD-725EDAA9742D}.Pretest|x86.ActiveCfg = Pretest|Any CPU
		{60D92A29-CC85-42FC-BEDD-725EDAA9742D}.Pretest|x86.Build.0 = Pretest|Any CPU
		{60D92A29-CC85-42FC-BEDD-725EDAA9742D}.Release|Any CPU.ActiveCfg = Release|Any CPU
		{60D92A29-CC85-42FC-BEDD-725EDAA9742D}.Release|Any CPU.Build.0 = Release|Any CPU
		{60D92A29-CC85-42FC-BEDD-725EDAA9742D}.Release|Mixed Platforms.ActiveCfg = Release|Any CPU
		{60D92A29-CC85-42FC-BEDD-725EDAA9742D}.Release|Mixed Platforms.Build.0 = Release|Any CPU
		{60D92A29-CC85-42FC-BEDD-725EDAA9742D}.Release|x86.ActiveCfg = Release|Any CPU
		{60D92A29-CC85-42FC-BEDD-725EDAA9742D}.Release32bit|Any CPU.ActiveCfg = Release|Any CPU
		{60D92A29-CC85-42FC-BEDD-725EDAA9742D}.Release32bit|Any CPU.Build.0 = Release|Any CPU
		{60D92A29-CC85-42FC-BEDD-725EDAA9742D}.Release32bit|Mixed Platforms.ActiveCfg = Release|Any CPU
		{60D92A29-CC85-42FC-BEDD-725EDAA9742D}.Release32bit|Mixed Platforms.Build.0 = Release|Any CPU
		{60D92A29-CC85-42FC-BEDD-725EDAA9742D}.Release32bit|x86.ActiveCfg = Release|Any CPU
		{60D92A29-CC85-42FC-BEDD-725EDAA9742D}.Release32bit|x86.Build.0 = Release|Any CPU
		{AEDC1798-9C88-4E14-A745-C79A1F17064B}.Debug|Any CPU.ActiveCfg = Debug|Any CPU
		{AEDC1798-9C88-4E14-A745-C79A1F17064B}.Debug|Any CPU.Build.0 = Debug|Any CPU
		{AEDC1798-9C88-4E14-A745-C79A1F17064B}.Debug|Mixed Platforms.ActiveCfg = Debug|Any CPU
		{AEDC1798-9C88-4E14-A745-C79A1F17064B}.Debug|Mixed Platforms.Build.0 = Debug|Any CPU
		{AEDC1798-9C88-4E14-A745-C79A1F17064B}.Debug|x86.ActiveCfg = Debug|Any CPU
		{AEDC1798-9C88-4E14-A745-C79A1F17064B}.Pretest|Any CPU.ActiveCfg = Pretest|Any CPU
		{AEDC1798-9C88-4E14-A745-C79A1F17064B}.Pretest|Any CPU.Build.0 = Pretest|Any CPU
		{AEDC1798-9C88-4E14-A745-C79A1F17064B}.Pretest|Mixed Platforms.ActiveCfg = Pretest|Any CPU
		{AEDC1798-9C88-4E14-A745-C79A1F17064B}.Pretest|x86.ActiveCfg = Pretest|Any CPU
		{AEDC1798-9C88-4E14-A745-C79A1F17064B}.Pretest|x86.Build.0 = Pretest|Any CPU
		{AEDC1798-9C88-4E14-A745-C79A1F17064B}.Release|Any CPU.ActiveCfg = Release|Any CPU
		{AEDC1798-9C88-4E14-A745-C79A1F17064B}.Release|Any CPU.Build.0 = Release|Any CPU
		{AEDC1798-9C88-4E14-A745-C79A1F17064B}.Release|Mixed Platforms.ActiveCfg = Release|Any CPU
		{AEDC1798-9C88-4E14-A745-C79A1F17064B}.Release|Mixed Platforms.Build.0 = Release|Any CPU
		{AEDC1798-9C88-4E14-A745-C79A1F17064B}.Release|x86.ActiveCfg = Release|Any CPU
		{AEDC1798-9C88-4E14-A745-C79A1F17064B}.Release32bit|Any CPU.ActiveCfg = Release|Any CPU
		{AEDC1798-9C88-4E14-A745-C79A1F17064B}.Release32bit|Any CPU.Build.0 = Release|Any CPU
		{AEDC1798-9C88-4E14-A745-C79A1F17064B}.Release32bit|Mixed Platforms.ActiveCfg = Release|Any CPU
		{AEDC1798-9C88-4E14-A745-C79A1F17064B}.Release32bit|Mixed Platforms.Build.0 = Release|Any CPU
		{AEDC1798-9C88-4E14-A745-C79A1F17064B}.Release32bit|x86.ActiveCfg = Release|Any CPU
		{AEDC1798-9C88-4E14-A745-C79A1F17064B}.Release32bit|x86.Build.0 = Release|Any CPU
		{A07E3F73-FA40-4415-9F45-300ED204BA06}.Debug|Any CPU.ActiveCfg = Debug|Any CPU
		{A07E3F73-FA40-4415-9F45-300ED204BA06}.Debug|Any CPU.Build.0 = Debug|Any CPU
		{A07E3F73-FA40-4415-9F45-300ED204BA06}.Debug|Mixed Platforms.ActiveCfg = Debug|Any CPU
		{A07E3F73-FA40-4415-9F45-300ED204BA06}.Debug|Mixed Platforms.Build.0 = Debug|Any CPU
		{A07E3F73-FA40-4415-9F45-300ED204BA06}.Debug|x86.ActiveCfg = Debug|Any CPU
		{A07E3F73-FA40-4415-9F45-300ED204BA06}.Pretest|Any CPU.ActiveCfg = Pretest|Any CPU
		{A07E3F73-FA40-4415-9F45-300ED204BA06}.Pretest|Any CPU.Build.0 = Pretest|Any CPU
		{A07E3F73-FA40-4415-9F45-300ED204BA06}.Pretest|Mixed Platforms.ActiveCfg = Pretest|Any CPU
		{A07E3F73-FA40-4415-9F45-300ED204BA06}.Pretest|x86.ActiveCfg = Pretest|Any CPU
		{A07E3F73-FA40-4415-9F45-300ED204BA06}.Pretest|x86.Build.0 = Pretest|Any CPU
		{A07E3F73-FA40-4415-9F45-300ED204BA06}.Release|Any CPU.ActiveCfg = Release|Any CPU
		{A07E3F73-FA40-4415-9F45-300ED204BA06}.Release|Any CPU.Build.0 = Release|Any CPU
		{A07E3F73-FA40-4415-9F45-300ED204BA06}.Release|Mixed Platforms.ActiveCfg = Release|Any CPU
		{A07E3F73-FA40-4415-9F45-300ED204BA06}.Release|Mixed Platforms.Build.0 = Release|Any CPU
		{A07E3F73-FA40-4415-9F45-300ED204BA06}.Release|x86.ActiveCfg = Release|Any CPU
		{A07E3F73-FA40-4415-9F45-300ED204BA06}.Release32bit|Any CPU.ActiveCfg = Release|Any CPU
		{A07E3F73-FA40-4415-9F45-300ED204BA06}.Release32bit|Any CPU.Build.0 = Release|Any CPU
		{A07E3F73-FA40-4415-9F45-300ED204BA06}.Release32bit|Mixed Platforms.ActiveCfg = Release|Any CPU
		{A07E3F73-FA40-4415-9F45-300ED204BA06}.Release32bit|Mixed Platforms.Build.0 = Release|Any CPU
		{A07E3F73-FA40-4415-9F45-300ED204BA06}.Release32bit|x86.ActiveCfg = Release|Any CPU
		{A07E3F73-FA40-4415-9F45-300ED204BA06}.Release32bit|x86.Build.0 = Release|Any CPU
		{57531EE3-568C-4771-8963-CB180357ED56}.Debug|Any CPU.ActiveCfg = Debug|Any CPU
		{57531EE3-568C-4771-8963-CB180357ED56}.Debug|Any CPU.Build.0 = Debug|Any CPU
		{57531EE3-568C-4771-8963-CB180357ED56}.Debug|Mixed Platforms.ActiveCfg = Debug|Any CPU
		{57531EE3-568C-4771-8963-CB180357ED56}.Debug|Mixed Platforms.Build.0 = Debug|Any CPU
		{57531EE3-568C-4771-8963-CB180357ED56}.Debug|x86.ActiveCfg = Debug|Any CPU
		{57531EE3-568C-4771-8963-CB180357ED56}.Pretest|Any CPU.ActiveCfg = Pretest|Any CPU
		{57531EE3-568C-4771-8963-CB180357ED56}.Pretest|Any CPU.Build.0 = Pretest|Any CPU
		{57531EE3-568C-4771-8963-CB180357ED56}.Pretest|Mixed Platforms.ActiveCfg = Pretest|Any CPU
		{57531EE3-568C-4771-8963-CB180357ED56}.Pretest|x86.ActiveCfg = Pretest|Any CPU
		{57531EE3-568C-4771-8963-CB180357ED56}.Pretest|x86.Build.0 = Pretest|Any CPU
		{57531EE3-568C-4771-8963-CB180357ED56}.Release|Any CPU.ActiveCfg = Release|Any CPU
		{57531EE3-568C-4771-8963-CB180357ED56}.Release|Any CPU.Build.0 = Release|Any CPU
		{57531EE3-568C-4771-8963-CB180357ED56}.Release|Mixed Platforms.ActiveCfg = Release|Any CPU
		{57531EE3-568C-4771-8963-CB180357ED56}.Release|Mixed Platforms.Build.0 = Release|Any CPU
		{57531EE3-568C-4771-8963-CB180357ED56}.Release|x86.ActiveCfg = Release|Any CPU
		{57531EE3-568C-4771-8963-CB180357ED56}.Release32bit|Any CPU.ActiveCfg = Release|Any CPU
		{57531EE3-568C-4771-8963-CB180357ED56}.Release32bit|Any CPU.Build.0 = Release|Any CPU
		{57531EE3-568C-4771-8963-CB180357ED56}.Release32bit|Mixed Platforms.ActiveCfg = Release|Any CPU
		{57531EE3-568C-4771-8963-CB180357ED56}.Release32bit|Mixed Platforms.Build.0 = Release|Any CPU
		{57531EE3-568C-4771-8963-CB180357ED56}.Release32bit|x86.ActiveCfg = Release|Any CPU
		{57531EE3-568C-4771-8963-CB180357ED56}.Release32bit|x86.Build.0 = Release|Any CPU
		{397F9324-6D80-4FB3-8CD6-F265E74235C7}.Debug|Any CPU.ActiveCfg = Debug|Any CPU
		{397F9324-6D80-4FB3-8CD6-F265E74235C7}.Debug|Any CPU.Build.0 = Debug|Any CPU
		{397F9324-6D80-4FB3-8CD6-F265E74235C7}.Debug|Mixed Platforms.ActiveCfg = Debug|Any CPU
		{397F9324-6D80-4FB3-8CD6-F265E74235C7}.Debug|Mixed Platforms.Build.0 = Debug|Any CPU
		{397F9324-6D80-4FB3-8CD6-F265E74235C7}.Debug|x86.ActiveCfg = Debug|Any CPU
		{397F9324-6D80-4FB3-8CD6-F265E74235C7}.Pretest|Any CPU.ActiveCfg = Pretest|Any CPU
		{397F9324-6D80-4FB3-8CD6-F265E74235C7}.Pretest|Any CPU.Build.0 = Pretest|Any CPU
		{397F9324-6D80-4FB3-8CD6-F265E74235C7}.Pretest|Mixed Platforms.ActiveCfg = Pretest|Any CPU
		{397F9324-6D80-4FB3-8CD6-F265E74235C7}.Pretest|x86.ActiveCfg = Pretest|Any CPU
		{397F9324-6D80-4FB3-8CD6-F265E74235C7}.Pretest|x86.Build.0 = Pretest|Any CPU
		{397F9324-6D80-4FB3-8CD6-F265E74235C7}.Release|Any CPU.ActiveCfg = Release|Any CPU
		{397F9324-6D80-4FB3-8CD6-F265E74235C7}.Release|Any CPU.Build.0 = Release|Any CPU
		{397F9324-6D80-4FB3-8CD6-F265E74235C7}.Release|Mixed Platforms.ActiveCfg = Release|Any CPU
		{397F9324-6D80-4FB3-8CD6-F265E74235C7}.Release|Mixed Platforms.Build.0 = Release|Any CPU
		{397F9324-6D80-4FB3-8CD6-F265E74235C7}.Release|x86.ActiveCfg = Release|Any CPU
		{397F9324-6D80-4FB3-8CD6-F265E74235C7}.Release32bit|Any CPU.ActiveCfg = Release|Any CPU
		{397F9324-6D80-4FB3-8CD6-F265E74235C7}.Release32bit|Any CPU.Build.0 = Release|Any CPU
		{397F9324-6D80-4FB3-8CD6-F265E74235C7}.Release32bit|Mixed Platforms.ActiveCfg = Release|Any CPU
		{397F9324-6D80-4FB3-8CD6-F265E74235C7}.Release32bit|Mixed Platforms.Build.0 = Release|Any CPU
		{397F9324-6D80-4FB3-8CD6-F265E74235C7}.Release32bit|x86.ActiveCfg = Release|Any CPU
		{397F9324-6D80-4FB3-8CD6-F265E74235C7}.Release32bit|x86.Build.0 = Release|Any CPU
		{A914D8BC-D6BC-4CF1-BF10-6BDC5575896E}.Debug|Any CPU.ActiveCfg = Debug|Any CPU
		{A914D8BC-D6BC-4CF1-BF10-6BDC5575896E}.Debug|Any CPU.Build.0 = Debug|Any CPU
		{A914D8BC-D6BC-4CF1-BF10-6BDC5575896E}.Debug|Mixed Platforms.ActiveCfg = Debug|Any CPU
		{A914D8BC-D6BC-4CF1-BF10-6BDC5575896E}.Debug|Mixed Platforms.Build.0 = Debug|Any CPU
		{A914D8BC-D6BC-4CF1-BF10-6BDC5575896E}.Debug|x86.ActiveCfg = Debug|Any CPU
		{A914D8BC-D6BC-4CF1-BF10-6BDC5575896E}.Pretest|Any CPU.ActiveCfg = Pretest|Any CPU
		{A914D8BC-D6BC-4CF1-BF10-6BDC5575896E}.Pretest|Any CPU.Build.0 = Pretest|Any CPU
		{A914D8BC-D6BC-4CF1-BF10-6BDC5575896E}.Pretest|Mixed Platforms.ActiveCfg = Pretest|Any CPU
		{A914D8BC-D6BC-4CF1-BF10-6BDC5575896E}.Pretest|x86.ActiveCfg = Pretest|Any CPU
		{A914D8BC-D6BC-4CF1-BF10-6BDC5575896E}.Pretest|x86.Build.0 = Pretest|Any CPU
		{A914D8BC-D6BC-4CF1-BF10-6BDC5575896E}.Release|Any CPU.ActiveCfg = Release|Any CPU
		{A914D8BC-D6BC-4CF1-BF10-6BDC5575896E}.Release|Any CPU.Build.0 = Release|Any CPU
		{A914D8BC-D6BC-4CF1-BF10-6BDC5575896E}.Release|Mixed Platforms.ActiveCfg = Release|Any CPU
		{A914D8BC-D6BC-4CF1-BF10-6BDC5575896E}.Release|Mixed Platforms.Build.0 = Release|Any CPU
		{A914D8BC-D6BC-4CF1-BF10-6BDC5575896E}.Release|x86.ActiveCfg = Release|Any CPU
		{A914D8BC-D6BC-4CF1-BF10-6BDC5575896E}.Release32bit|Any CPU.ActiveCfg = Release|Any CPU
		{A914D8BC-D6BC-4CF1-BF10-6BDC5575896E}.Release32bit|Any CPU.Build.0 = Release|Any CPU
		{A914D8BC-D6BC-4CF1-BF10-6BDC5575896E}.Release32bit|Mixed Platforms.ActiveCfg = Release|Any CPU
		{A914D8BC-D6BC-4CF1-BF10-6BDC5575896E}.Release32bit|Mixed Platforms.Build.0 = Release|Any CPU
		{A914D8BC-D6BC-4CF1-BF10-6BDC5575896E}.Release32bit|x86.ActiveCfg = Release|Any CPU
		{A914D8BC-D6BC-4CF1-BF10-6BDC5575896E}.Release32bit|x86.Build.0 = Release|Any CPU
		{43DAFC69-F8CF-409D-BDFE-CE676E193C13}.Debug|Any CPU.ActiveCfg = Debug|Any CPU
		{43DAFC69-F8CF-409D-BDFE-CE676E193C13}.Debug|Any CPU.Build.0 = Debug|Any CPU
		{43DAFC69-F8CF-409D-BDFE-CE676E193C13}.Debug|Mixed Platforms.ActiveCfg = Debug|Any CPU
		{43DAFC69-F8CF-409D-BDFE-CE676E193C13}.Debug|Mixed Platforms.Build.0 = Debug|Any CPU
		{43DAFC69-F8CF-409D-BDFE-CE676E193C13}.Debug|x86.ActiveCfg = Debug|Any CPU
		{43DAFC69-F8CF-409D-BDFE-CE676E193C13}.Pretest|Any CPU.ActiveCfg = Pretest|Any CPU
		{43DAFC69-F8CF-409D-BDFE-CE676E193C13}.Pretest|Any CPU.Build.0 = Pretest|Any CPU
		{43DAFC69-F8CF-409D-BDFE-CE676E193C13}.Pretest|Mixed Platforms.ActiveCfg = Pretest|Any CPU
		{43DAFC69-F8CF-409D-BDFE-CE676E193C13}.Pretest|x86.ActiveCfg = Pretest|Any CPU
		{43DAFC69-F8CF-409D-BDFE-CE676E193C13}.Pretest|x86.Build.0 = Pretest|Any CPU
		{43DAFC69-F8CF-409D-BDFE-CE676E193C13}.Release|Any CPU.ActiveCfg = Release|Any CPU
		{43DAFC69-F8CF-409D-BDFE-CE676E193C13}.Release|Any CPU.Build.0 = Release|Any CPU
		{43DAFC69-F8CF-409D-BDFE-CE676E193C13}.Release|Mixed Platforms.ActiveCfg = Release|Any CPU
		{43DAFC69-F8CF-409D-BDFE-CE676E193C13}.Release|Mixed Platforms.Build.0 = Release|Any CPU
		{43DAFC69-F8CF-409D-BDFE-CE676E193C13}.Release|x86.ActiveCfg = Release|Any CPU
		{43DAFC69-F8CF-409D-BDFE-CE676E193C13}.Release32bit|Any CPU.ActiveCfg = Release|Any CPU
		{43DAFC69-F8CF-409D-BDFE-CE676E193C13}.Release32bit|Any CPU.Build.0 = Release|Any CPU
		{43DAFC69-F8CF-409D-BDFE-CE676E193C13}.Release32bit|Mixed Platforms.ActiveCfg = Release|Any CPU
		{43DAFC69-F8CF-409D-BDFE-CE676E193C13}.Release32bit|Mixed Platforms.Build.0 = Release|Any CPU
		{43DAFC69-F8CF-409D-BDFE-CE676E193C13}.Release32bit|x86.ActiveCfg = Release|Any CPU
		{43DAFC69-F8CF-409D-BDFE-CE676E193C13}.Release32bit|x86.Build.0 = Release|Any CPU
		{E71D503E-A111-4020-9174-3B54D8FF8419}.Debug|Any CPU.ActiveCfg = Debug|Any CPU
		{E71D503E-A111-4020-9174-3B54D8FF8419}.Debug|Any CPU.Build.0 = Debug|Any CPU
		{E71D503E-A111-4020-9174-3B54D8FF8419}.Debug|Mixed Platforms.ActiveCfg = Debug|Any CPU
		{E71D503E-A111-4020-9174-3B54D8FF8419}.Debug|Mixed Platforms.Build.0 = Debug|Any CPU
		{E71D503E-A111-4020-9174-3B54D8FF8419}.Debug|x86.ActiveCfg = Debug|Any CPU
		{E71D503E-A111-4020-9174-3B54D8FF8419}.Pretest|Any CPU.ActiveCfg = Pretest|Any CPU
		{E71D503E-A111-4020-9174-3B54D8FF8419}.Pretest|Any CPU.Build.0 = Pretest|Any CPU
		{E71D503E-A111-4020-9174-3B54D8FF8419}.Pretest|Mixed Platforms.ActiveCfg = Pretest|Any CPU
		{E71D503E-A111-4020-9174-3B54D8FF8419}.Pretest|x86.ActiveCfg = Pretest|Any CPU
		{E71D503E-A111-4020-9174-3B54D8FF8419}.Pretest|x86.Build.0 = Pretest|Any CPU
		{E71D503E-A111-4020-9174-3B54D8FF8419}.Release|Any CPU.ActiveCfg = Release|Any CPU
		{E71D503E-A111-4020-9174-3B54D8FF8419}.Release|Any CPU.Build.0 = Release|Any CPU
		{E71D503E-A111-4020-9174-3B54D8FF8419}.Release|Mixed Platforms.ActiveCfg = Release|Any CPU
		{E71D503E-A111-4020-9174-3B54D8FF8419}.Release|Mixed Platforms.Build.0 = Release|Any CPU
		{E71D503E-A111-4020-9174-3B54D8FF8419}.Release|x86.ActiveCfg = Release|Any CPU
		{E71D503E-A111-4020-9174-3B54D8FF8419}.Release32bit|Any CPU.ActiveCfg = Release|Any CPU
		{E71D503E-A111-4020-9174-3B54D8FF8419}.Release32bit|Any CPU.Build.0 = Release|Any CPU
		{E71D503E-A111-4020-9174-3B54D8FF8419}.Release32bit|Mixed Platforms.ActiveCfg = Release|Any CPU
		{E71D503E-A111-4020-9174-3B54D8FF8419}.Release32bit|Mixed Platforms.Build.0 = Release|Any CPU
		{E71D503E-A111-4020-9174-3B54D8FF8419}.Release32bit|x86.ActiveCfg = Release|Any CPU
		{E71D503E-A111-4020-9174-3B54D8FF8419}.Release32bit|x86.Build.0 = Release|Any CPU
		{8217DB07-459D-40F4-8565-8F971D846CBB}.Debug|Any CPU.ActiveCfg = Debug|Any CPU
		{8217DB07-459D-40F4-8565-8F971D846CBB}.Debug|Any CPU.Build.0 = Debug|Any CPU
		{8217DB07-459D-40F4-8565-8F971D846CBB}.Debug|Mixed Platforms.ActiveCfg = Debug|Any CPU
		{8217DB07-459D-40F4-8565-8F971D846CBB}.Debug|Mixed Platforms.Build.0 = Debug|Any CPU
		{8217DB07-459D-40F4-8565-8F971D846CBB}.Debug|x86.ActiveCfg = Debug|Any CPU
		{8217DB07-459D-40F4-8565-8F971D846CBB}.Pretest|Any CPU.ActiveCfg = Pretest|Any CPU
		{8217DB07-459D-40F4-8565-8F971D846CBB}.Pretest|Any CPU.Build.0 = Pretest|Any CPU
		{8217DB07-459D-40F4-8565-8F971D846CBB}.Pretest|Mixed Platforms.ActiveCfg = Pretest|Any CPU
		{8217DB07-459D-40F4-8565-8F971D846CBB}.Pretest|x86.ActiveCfg = Pretest|Any CPU
		{8217DB07-459D-40F4-8565-8F971D846CBB}.Pretest|x86.Build.0 = Pretest|Any CPU
		{8217DB07-459D-40F4-8565-8F971D846CBB}.Release|Any CPU.ActiveCfg = Release|Any CPU
		{8217DB07-459D-40F4-8565-8F971D846CBB}.Release|Any CPU.Build.0 = Release|Any CPU
		{8217DB07-459D-40F4-8565-8F971D846CBB}.Release|Mixed Platforms.ActiveCfg = Release|Any CPU
		{8217DB07-459D-40F4-8565-8F971D846CBB}.Release|Mixed Platforms.Build.0 = Release|Any CPU
		{8217DB07-459D-40F4-8565-8F971D846CBB}.Release|x86.ActiveCfg = Release|Any CPU
		{8217DB07-459D-40F4-8565-8F971D846CBB}.Release32bit|Any CPU.ActiveCfg = Release|Any CPU
		{8217DB07-459D-40F4-8565-8F971D846CBB}.Release32bit|Any CPU.Build.0 = Release|Any CPU
		{8217DB07-459D-40F4-8565-8F971D846CBB}.Release32bit|Mixed Platforms.ActiveCfg = Release|Any CPU
		{8217DB07-459D-40F4-8565-8F971D846CBB}.Release32bit|Mixed Platforms.Build.0 = Release|Any CPU
		{8217DB07-459D-40F4-8565-8F971D846CBB}.Release32bit|x86.ActiveCfg = Release|Any CPU
		{8217DB07-459D-40F4-8565-8F971D846CBB}.Release32bit|x86.Build.0 = Release|Any CPU
		{FF879040-CE72-4F4D-8719-5E8E1249EC36}.Debug|Any CPU.ActiveCfg = Debug|Any CPU
		{FF879040-CE72-4F4D-8719-5E8E1249EC36}.Debug|Any CPU.Build.0 = Debug|Any CPU
		{FF879040-CE72-4F4D-8719-5E8E1249EC36}.Debug|Mixed Platforms.ActiveCfg = Debug|Any CPU
		{FF879040-CE72-4F4D-8719-5E8E1249EC36}.Debug|Mixed Platforms.Build.0 = Debug|Any CPU
		{FF879040-CE72-4F4D-8719-5E8E1249EC36}.Debug|x86.ActiveCfg = Debug|Any CPU
		{FF879040-CE72-4F4D-8719-5E8E1249EC36}.Pretest|Any CPU.ActiveCfg = Pretest|Any CPU
		{FF879040-CE72-4F4D-8719-5E8E1249EC36}.Pretest|Any CPU.Build.0 = Pretest|Any CPU
		{FF879040-CE72-4F4D-8719-5E8E1249EC36}.Pretest|Mixed Platforms.ActiveCfg = Pretest|Any CPU
		{FF879040-CE72-4F4D-8719-5E8E1249EC36}.Pretest|x86.ActiveCfg = Pretest|Any CPU
		{FF879040-CE72-4F4D-8719-5E8E1249EC36}.Pretest|x86.Build.0 = Pretest|Any CPU
		{FF879040-CE72-4F4D-8719-5E8E1249EC36}.Release|Any CPU.ActiveCfg = Release|Any CPU
		{FF879040-CE72-4F4D-8719-5E8E1249EC36}.Release|Any CPU.Build.0 = Release|Any CPU
		{FF879040-CE72-4F4D-8719-5E8E1249EC36}.Release|Mixed Platforms.ActiveCfg = Release|Any CPU
		{FF879040-CE72-4F4D-8719-5E8E1249EC36}.Release|Mixed Platforms.Build.0 = Release|Any CPU
		{FF879040-CE72-4F4D-8719-5E8E1249EC36}.Release|x86.ActiveCfg = Release|Any CPU
		{FF879040-CE72-4F4D-8719-5E8E1249EC36}.Release32bit|Any CPU.ActiveCfg = Release|Any CPU
		{FF879040-CE72-4F4D-8719-5E8E1249EC36}.Release32bit|Any CPU.Build.0 = Release|Any CPU
		{FF879040-CE72-4F4D-8719-5E8E1249EC36}.Release32bit|Mixed Platforms.ActiveCfg = Release|Any CPU
		{FF879040-CE72-4F4D-8719-5E8E1249EC36}.Release32bit|Mixed Platforms.Build.0 = Release|Any CPU
		{FF879040-CE72-4F4D-8719-5E8E1249EC36}.Release32bit|x86.ActiveCfg = Release|Any CPU
		{FF879040-CE72-4F4D-8719-5E8E1249EC36}.Release32bit|x86.Build.0 = Release|Any CPU
		{8F44A0E9-7355-4DAE-B73B-A8149FA0F3F9}.Debug|Any CPU.ActiveCfg = Debug|Any CPU
		{8F44A0E9-7355-4DAE-B73B-A8149FA0F3F9}.Debug|Any CPU.Build.0 = Debug|Any CPU
		{8F44A0E9-7355-4DAE-B73B-A8149FA0F3F9}.Debug|Mixed Platforms.ActiveCfg = Debug|Any CPU
		{8F44A0E9-7355-4DAE-B73B-A8149FA0F3F9}.Debug|Mixed Platforms.Build.0 = Debug|Any CPU
		{8F44A0E9-7355-4DAE-B73B-A8149FA0F3F9}.Debug|x86.ActiveCfg = Debug|Any CPU
		{8F44A0E9-7355-4DAE-B73B-A8149FA0F3F9}.Pretest|Any CPU.ActiveCfg = Pretest|Any CPU
		{8F44A0E9-7355-4DAE-B73B-A8149FA0F3F9}.Pretest|Any CPU.Build.0 = Pretest|Any CPU
		{8F44A0E9-7355-4DAE-B73B-A8149FA0F3F9}.Pretest|Mixed Platforms.ActiveCfg = Pretest|Any CPU
		{8F44A0E9-7355-4DAE-B73B-A8149FA0F3F9}.Pretest|x86.ActiveCfg = Pretest|Any CPU
		{8F44A0E9-7355-4DAE-B73B-A8149FA0F3F9}.Pretest|x86.Build.0 = Pretest|Any CPU
		{8F44A0E9-7355-4DAE-B73B-A8149FA0F3F9}.Release|Any CPU.ActiveCfg = Release|Any CPU
		{8F44A0E9-7355-4DAE-B73B-A8149FA0F3F9}.Release|Any CPU.Build.0 = Release|Any CPU
		{8F44A0E9-7355-4DAE-B73B-A8149FA0F3F9}.Release|Mixed Platforms.ActiveCfg = Release|Any CPU
		{8F44A0E9-7355-4DAE-B73B-A8149FA0F3F9}.Release|Mixed Platforms.Build.0 = Release|Any CPU
		{8F44A0E9-7355-4DAE-B73B-A8149FA0F3F9}.Release|x86.ActiveCfg = Release|Any CPU
		{8F44A0E9-7355-4DAE-B73B-A8149FA0F3F9}.Release32bit|Any CPU.ActiveCfg = Release|Any CPU
		{8F44A0E9-7355-4DAE-B73B-A8149FA0F3F9}.Release32bit|Any CPU.Build.0 = Release|Any CPU
		{8F44A0E9-7355-4DAE-B73B-A8149FA0F3F9}.Release32bit|Mixed Platforms.ActiveCfg = Release|Any CPU
		{8F44A0E9-7355-4DAE-B73B-A8149FA0F3F9}.Release32bit|Mixed Platforms.Build.0 = Release|Any CPU
		{8F44A0E9-7355-4DAE-B73B-A8149FA0F3F9}.Release32bit|x86.ActiveCfg = Release|Any CPU
		{8F44A0E9-7355-4DAE-B73B-A8149FA0F3F9}.Release32bit|x86.Build.0 = Release|Any CPU
		{73428B4D-3745-4D81-ACDB-278492616101}.Debug|Any CPU.ActiveCfg = Debug|Any CPU
		{73428B4D-3745-4D81-ACDB-278492616101}.Debug|Any CPU.Build.0 = Debug|Any CPU
		{73428B4D-3745-4D81-ACDB-278492616101}.Debug|Mixed Platforms.ActiveCfg = Debug|Any CPU
		{73428B4D-3745-4D81-ACDB-278492616101}.Debug|Mixed Platforms.Build.0 = Debug|Any CPU
		{73428B4D-3745-4D81-ACDB-278492616101}.Debug|x86.ActiveCfg = Debug|Any CPU
		{73428B4D-3745-4D81-ACDB-278492616101}.Pretest|Any CPU.ActiveCfg = Pretest|Any CPU
		{73428B4D-3745-4D81-ACDB-278492616101}.Pretest|Any CPU.Build.0 = Pretest|Any CPU
		{73428B4D-3745-4D81-ACDB-278492616101}.Pretest|Mixed Platforms.ActiveCfg = Pretest|Any CPU
		{73428B4D-3745-4D81-ACDB-278492616101}.Pretest|x86.ActiveCfg = Pretest|Any CPU
		{73428B4D-3745-4D81-ACDB-278492616101}.Pretest|x86.Build.0 = Pretest|Any CPU
		{73428B4D-3745-4D81-ACDB-278492616101}.Release|Any CPU.ActiveCfg = Release|Any CPU
		{73428B4D-3745-4D81-ACDB-278492616101}.Release|Any CPU.Build.0 = Release|Any CPU
		{73428B4D-3745-4D81-ACDB-278492616101}.Release|Mixed Platforms.ActiveCfg = Release|Any CPU
		{73428B4D-3745-4D81-ACDB-278492616101}.Release|Mixed Platforms.Build.0 = Release|Any CPU
		{73428B4D-3745-4D81-ACDB-278492616101}.Release|x86.ActiveCfg = Release|Any CPU
		{73428B4D-3745-4D81-ACDB-278492616101}.Release32bit|Any CPU.ActiveCfg = Release|Any CPU
		{73428B4D-3745-4D81-ACDB-278492616101}.Release32bit|Any CPU.Build.0 = Release|Any CPU
		{73428B4D-3745-4D81-ACDB-278492616101}.Release32bit|Mixed Platforms.ActiveCfg = Release|Any CPU
		{73428B4D-3745-4D81-ACDB-278492616101}.Release32bit|Mixed Platforms.Build.0 = Release|Any CPU
		{73428B4D-3745-4D81-ACDB-278492616101}.Release32bit|x86.ActiveCfg = Release|Any CPU
		{73428B4D-3745-4D81-ACDB-278492616101}.Release32bit|x86.Build.0 = Release|Any CPU
		{B3FAB56E-0BC7-446C-A221-11359DA4B65F}.Debug|Any CPU.ActiveCfg = Debug|Any CPU
		{B3FAB56E-0BC7-446C-A221-11359DA4B65F}.Debug|Any CPU.Build.0 = Debug|Any CPU
		{B3FAB56E-0BC7-446C-A221-11359DA4B65F}.Debug|Mixed Platforms.ActiveCfg = Debug|Any CPU
		{B3FAB56E-0BC7-446C-A221-11359DA4B65F}.Debug|Mixed Platforms.Build.0 = Debug|Any CPU
		{B3FAB56E-0BC7-446C-A221-11359DA4B65F}.Debug|x86.ActiveCfg = Debug|Any CPU
		{B3FAB56E-0BC7-446C-A221-11359DA4B65F}.Pretest|Any CPU.ActiveCfg = Pretest|Any CPU
		{B3FAB56E-0BC7-446C-A221-11359DA4B65F}.Pretest|Any CPU.Build.0 = Pretest|Any CPU
		{B3FAB56E-0BC7-446C-A221-11359DA4B65F}.Pretest|Mixed Platforms.ActiveCfg = Pretest|Any CPU
		{B3FAB56E-0BC7-446C-A221-11359DA4B65F}.Pretest|x86.ActiveCfg = Pretest|Any CPU
		{B3FAB56E-0BC7-446C-A221-11359DA4B65F}.Pretest|x86.Build.0 = Pretest|Any CPU
		{B3FAB56E-0BC7-446C-A221-11359DA4B65F}.Release|Any CPU.ActiveCfg = Release|Any CPU
		{B3FAB56E-0BC7-446C-A221-11359DA4B65F}.Release|Any CPU.Build.0 = Release|Any CPU
		{B3FAB56E-0BC7-446C-A221-11359DA4B65F}.Release|Mixed Platforms.ActiveCfg = Release|Any CPU
		{B3FAB56E-0BC7-446C-A221-11359DA4B65F}.Release|Mixed Platforms.Build.0 = Release|Any CPU
		{B3FAB56E-0BC7-446C-A221-11359DA4B65F}.Release|x86.ActiveCfg = Release|Any CPU
		{B3FAB56E-0BC7-446C-A221-11359DA4B65F}.Release32bit|Any CPU.ActiveCfg = Release|Any CPU
		{B3FAB56E-0BC7-446C-A221-11359DA4B65F}.Release32bit|Mixed Platforms.ActiveCfg = Release|Any CPU
		{B3FAB56E-0BC7-446C-A221-11359DA4B65F}.Release32bit|x86.ActiveCfg = Release|Any CPU
		{32BA0DDE-640D-41A7-BCB3-8DDDC50852B6}.Debug|Any CPU.ActiveCfg = Debug|Any CPU
		{32BA0DDE-640D-41A7-BCB3-8DDDC50852B6}.Debug|Any CPU.Build.0 = Debug|Any CPU
		{32BA0DDE-640D-41A7-BCB3-8DDDC50852B6}.Debug|Mixed Platforms.ActiveCfg = Debug|Any CPU
		{32BA0DDE-640D-41A7-BCB3-8DDDC50852B6}.Debug|Mixed Platforms.Build.0 = Debug|Any CPU
		{32BA0DDE-640D-41A7-BCB3-8DDDC50852B6}.Debug|x86.ActiveCfg = Debug|Any CPU
		{32BA0DDE-640D-41A7-BCB3-8DDDC50852B6}.Pretest|Any CPU.ActiveCfg = Pretest|Any CPU
		{32BA0DDE-640D-41A7-BCB3-8DDDC50852B6}.Pretest|Any CPU.Build.0 = Pretest|Any CPU
		{32BA0DDE-640D-41A7-BCB3-8DDDC50852B6}.Pretest|Mixed Platforms.ActiveCfg = Pretest|Any CPU
		{32BA0DDE-640D-41A7-BCB3-8DDDC50852B6}.Pretest|x86.ActiveCfg = Pretest|Any CPU
		{32BA0DDE-640D-41A7-BCB3-8DDDC50852B6}.Pretest|x86.Build.0 = Pretest|Any CPU
		{32BA0DDE-640D-41A7-BCB3-8DDDC50852B6}.Release|Any CPU.ActiveCfg = Release|Any CPU
		{32BA0DDE-640D-41A7-BCB3-8DDDC50852B6}.Release|Any CPU.Build.0 = Release|Any CPU
		{32BA0DDE-640D-41A7-BCB3-8DDDC50852B6}.Release|Mixed Platforms.ActiveCfg = Release|Any CPU
		{32BA0DDE-640D-41A7-BCB3-8DDDC50852B6}.Release|Mixed Platforms.Build.0 = Release|Any CPU
		{32BA0DDE-640D-41A7-BCB3-8DDDC50852B6}.Release|x86.ActiveCfg = Release|Any CPU
		{32BA0DDE-640D-41A7-BCB3-8DDDC50852B6}.Release32bit|Any CPU.ActiveCfg = Release|Any CPU
		{32BA0DDE-640D-41A7-BCB3-8DDDC50852B6}.Release32bit|Any CPU.Build.0 = Release|Any CPU
		{32BA0DDE-640D-41A7-BCB3-8DDDC50852B6}.Release32bit|Mixed Platforms.ActiveCfg = Release|Any CPU
		{32BA0DDE-640D-41A7-BCB3-8DDDC50852B6}.Release32bit|Mixed Platforms.Build.0 = Release|Any CPU
		{32BA0DDE-640D-41A7-BCB3-8DDDC50852B6}.Release32bit|x86.ActiveCfg = Release|Any CPU
		{32BA0DDE-640D-41A7-BCB3-8DDDC50852B6}.Release32bit|x86.Build.0 = Release|Any CPU
		{C0CB56F2-830B-4F0D-B184-06ACADF562EA}.Debug|Any CPU.ActiveCfg = Debug|Any CPU
		{C0CB56F2-830B-4F0D-B184-06ACADF562EA}.Debug|Any CPU.Build.0 = Debug|Any CPU
		{C0CB56F2-830B-4F0D-B184-06ACADF562EA}.Debug|Mixed Platforms.ActiveCfg = Debug|Any CPU
		{C0CB56F2-830B-4F0D-B184-06ACADF562EA}.Debug|Mixed Platforms.Build.0 = Debug|Any CPU
		{C0CB56F2-830B-4F0D-B184-06ACADF562EA}.Debug|x86.ActiveCfg = Debug|Any CPU
		{C0CB56F2-830B-4F0D-B184-06ACADF562EA}.Pretest|Any CPU.ActiveCfg = Pretest|Any CPU
		{C0CB56F2-830B-4F0D-B184-06ACADF562EA}.Pretest|Any CPU.Build.0 = Pretest|Any CPU
		{C0CB56F2-830B-4F0D-B184-06ACADF562EA}.Pretest|Mixed Platforms.ActiveCfg = Pretest|Any CPU
		{C0CB56F2-830B-4F0D-B184-06ACADF562EA}.Pretest|x86.ActiveCfg = Pretest|Any CPU
		{C0CB56F2-830B-4F0D-B184-06ACADF562EA}.Pretest|x86.Build.0 = Pretest|Any CPU
		{C0CB56F2-830B-4F0D-B184-06ACADF562EA}.Release|Any CPU.ActiveCfg = Release|Any CPU
		{C0CB56F2-830B-4F0D-B184-06ACADF562EA}.Release|Any CPU.Build.0 = Release|Any CPU
		{C0CB56F2-830B-4F0D-B184-06ACADF562EA}.Release|Mixed Platforms.ActiveCfg = Release|Any CPU
		{C0CB56F2-830B-4F0D-B184-06ACADF562EA}.Release|Mixed Platforms.Build.0 = Release|Any CPU
		{C0CB56F2-830B-4F0D-B184-06ACADF562EA}.Release|x86.ActiveCfg = Release|Any CPU
		{C0CB56F2-830B-4F0D-B184-06ACADF562EA}.Release32bit|Any CPU.ActiveCfg = Release|Any CPU
		{C0CB56F2-830B-4F0D-B184-06ACADF562EA}.Release32bit|Any CPU.Build.0 = Release|Any CPU
		{C0CB56F2-830B-4F0D-B184-06ACADF562EA}.Release32bit|Mixed Platforms.ActiveCfg = Release|Any CPU
		{C0CB56F2-830B-4F0D-B184-06ACADF562EA}.Release32bit|Mixed Platforms.Build.0 = Release|Any CPU
		{C0CB56F2-830B-4F0D-B184-06ACADF562EA}.Release32bit|x86.ActiveCfg = Release|Any CPU
		{C0CB56F2-830B-4F0D-B184-06ACADF562EA}.Release32bit|x86.Build.0 = Release|Any CPU
		{90D8065F-0B72-4127-8831-5E342D6ACA7B}.Debug|Any CPU.ActiveCfg = Debug|Any CPU
		{90D8065F-0B72-4127-8831-5E342D6ACA7B}.Debug|Any CPU.Build.0 = Debug|Any CPU
		{90D8065F-0B72-4127-8831-5E342D6ACA7B}.Debug|Mixed Platforms.ActiveCfg = Debug|Any CPU
		{90D8065F-0B72-4127-8831-5E342D6ACA7B}.Debug|Mixed Platforms.Build.0 = Debug|Any CPU
		{90D8065F-0B72-4127-8831-5E342D6ACA7B}.Debug|x86.ActiveCfg = Debug|Any CPU
		{90D8065F-0B72-4127-8831-5E342D6ACA7B}.Pretest|Any CPU.ActiveCfg = Pretest|Any CPU
		{90D8065F-0B72-4127-8831-5E342D6ACA7B}.Pretest|Any CPU.Build.0 = Pretest|Any CPU
		{90D8065F-0B72-4127-8831-5E342D6ACA7B}.Pretest|Mixed Platforms.ActiveCfg = Pretest|Any CPU
		{90D8065F-0B72-4127-8831-5E342D6ACA7B}.Pretest|x86.ActiveCfg = Pretest|Any CPU
		{90D8065F-0B72-4127-8831-5E342D6ACA7B}.Pretest|x86.Build.0 = Pretest|Any CPU
		{90D8065F-0B72-4127-8831-5E342D6ACA7B}.Release|Any CPU.ActiveCfg = Release|Any CPU
		{90D8065F-0B72-4127-8831-5E342D6ACA7B}.Release|Any CPU.Build.0 = Release|Any CPU
		{90D8065F-0B72-4127-8831-5E342D6ACA7B}.Release|Mixed Platforms.ActiveCfg = Release|Any CPU
		{90D8065F-0B72-4127-8831-5E342D6ACA7B}.Release|Mixed Platforms.Build.0 = Release|Any CPU
		{90D8065F-0B72-4127-8831-5E342D6ACA7B}.Release|x86.ActiveCfg = Release|Any CPU
		{90D8065F-0B72-4127-8831-5E342D6ACA7B}.Release32bit|Any CPU.ActiveCfg = Release|Any CPU
		{90D8065F-0B72-4127-8831-5E342D6ACA7B}.Release32bit|Any CPU.Build.0 = Release|Any CPU
		{90D8065F-0B72-4127-8831-5E342D6ACA7B}.Release32bit|Mixed Platforms.ActiveCfg = Release|Any CPU
		{90D8065F-0B72-4127-8831-5E342D6ACA7B}.Release32bit|Mixed Platforms.Build.0 = Release|Any CPU
		{90D8065F-0B72-4127-8831-5E342D6ACA7B}.Release32bit|x86.ActiveCfg = Release|Any CPU
		{90D8065F-0B72-4127-8831-5E342D6ACA7B}.Release32bit|x86.Build.0 = Release|Any CPU
		{16F32800-A863-4B0D-908B-E96E46DA10CB}.Debug|Any CPU.ActiveCfg = Debug|Any CPU
		{16F32800-A863-4B0D-908B-E96E46DA10CB}.Debug|Any CPU.Build.0 = Debug|Any CPU
		{16F32800-A863-4B0D-908B-E96E46DA10CB}.Debug|Mixed Platforms.ActiveCfg = Debug|Any CPU
		{16F32800-A863-4B0D-908B-E96E46DA10CB}.Debug|Mixed Platforms.Build.0 = Debug|Any CPU
		{16F32800-A863-4B0D-908B-E96E46DA10CB}.Debug|x86.ActiveCfg = Debug|Any CPU
		{16F32800-A863-4B0D-908B-E96E46DA10CB}.Pretest|Any CPU.ActiveCfg = Pretest|Any CPU
		{16F32800-A863-4B0D-908B-E96E46DA10CB}.Pretest|Any CPU.Build.0 = Pretest|Any CPU
		{16F32800-A863-4B0D-908B-E96E46DA10CB}.Pretest|Mixed Platforms.ActiveCfg = Pretest|Any CPU
		{16F32800-A863-4B0D-908B-E96E46DA10CB}.Pretest|x86.ActiveCfg = Pretest|Any CPU
		{16F32800-A863-4B0D-908B-E96E46DA10CB}.Pretest|x86.Build.0 = Pretest|Any CPU
		{16F32800-A863-4B0D-908B-E96E46DA10CB}.Release|Any CPU.ActiveCfg = Release|Any CPU
		{16F32800-A863-4B0D-908B-E96E46DA10CB}.Release|Any CPU.Build.0 = Release|Any CPU
		{16F32800-A863-4B0D-908B-E96E46DA10CB}.Release|Mixed Platforms.ActiveCfg = Release|Any CPU
		{16F32800-A863-4B0D-908B-E96E46DA10CB}.Release|Mixed Platforms.Build.0 = Release|Any CPU
		{16F32800-A863-4B0D-908B-E96E46DA10CB}.Release|x86.ActiveCfg = Release|Any CPU
		{16F32800-A863-4B0D-908B-E96E46DA10CB}.Release32bit|Any CPU.ActiveCfg = Release|Any CPU
		{16F32800-A863-4B0D-908B-E96E46DA10CB}.Release32bit|Any CPU.Build.0 = Release|Any CPU
		{16F32800-A863-4B0D-908B-E96E46DA10CB}.Release32bit|Mixed Platforms.ActiveCfg = Release|Any CPU
		{16F32800-A863-4B0D-908B-E96E46DA10CB}.Release32bit|Mixed Platforms.Build.0 = Release|Any CPU
		{16F32800-A863-4B0D-908B-E96E46DA10CB}.Release32bit|x86.ActiveCfg = Release|Any CPU
		{16F32800-A863-4B0D-908B-E96E46DA10CB}.Release32bit|x86.Build.0 = Release|Any CPU
		{8F307DA4-DECD-4880-925D-DD05F7307EBC}.Debug|Any CPU.ActiveCfg = Debug|Any CPU
		{8F307DA4-DECD-4880-925D-DD05F7307EBC}.Debug|Any CPU.Build.0 = Debug|Any CPU
		{8F307DA4-DECD-4880-925D-DD05F7307EBC}.Debug|Mixed Platforms.ActiveCfg = Debug|Any CPU
		{8F307DA4-DECD-4880-925D-DD05F7307EBC}.Debug|Mixed Platforms.Build.0 = Debug|Any CPU
		{8F307DA4-DECD-4880-925D-DD05F7307EBC}.Debug|x86.ActiveCfg = Debug|Any CPU
		{8F307DA4-DECD-4880-925D-DD05F7307EBC}.Pretest|Any CPU.ActiveCfg = Pretest|Any CPU
		{8F307DA4-DECD-4880-925D-DD05F7307EBC}.Pretest|Any CPU.Build.0 = Pretest|Any CPU
		{8F307DA4-DECD-4880-925D-DD05F7307EBC}.Pretest|Mixed Platforms.ActiveCfg = Pretest|Any CPU
		{8F307DA4-DECD-4880-925D-DD05F7307EBC}.Pretest|x86.ActiveCfg = Pretest|Any CPU
		{8F307DA4-DECD-4880-925D-DD05F7307EBC}.Pretest|x86.Build.0 = Pretest|Any CPU
		{8F307DA4-DECD-4880-925D-DD05F7307EBC}.Release|Any CPU.ActiveCfg = Release|Any CPU
		{8F307DA4-DECD-4880-925D-DD05F7307EBC}.Release|Any CPU.Build.0 = Release|Any CPU
		{8F307DA4-DECD-4880-925D-DD05F7307EBC}.Release|Mixed Platforms.ActiveCfg = Release|Any CPU
		{8F307DA4-DECD-4880-925D-DD05F7307EBC}.Release|Mixed Platforms.Build.0 = Release|Any CPU
		{8F307DA4-DECD-4880-925D-DD05F7307EBC}.Release|x86.ActiveCfg = Release|Any CPU
		{8F307DA4-DECD-4880-925D-DD05F7307EBC}.Release32bit|Any CPU.ActiveCfg = Release|Any CPU
		{8F307DA4-DECD-4880-925D-DD05F7307EBC}.Release32bit|Any CPU.Build.0 = Release|Any CPU
		{8F307DA4-DECD-4880-925D-DD05F7307EBC}.Release32bit|Mixed Platforms.ActiveCfg = Release|Any CPU
		{8F307DA4-DECD-4880-925D-DD05F7307EBC}.Release32bit|Mixed Platforms.Build.0 = Release|Any CPU
		{8F307DA4-DECD-4880-925D-DD05F7307EBC}.Release32bit|x86.ActiveCfg = Release|Any CPU
		{8F307DA4-DECD-4880-925D-DD05F7307EBC}.Release32bit|x86.Build.0 = Release|Any CPU
		{5275AE18-923C-4FE2-BCF7-67487A7CFF0B}.Debug|Any CPU.ActiveCfg = Debug|Any CPU
		{5275AE18-923C-4FE2-BCF7-67487A7CFF0B}.Debug|Any CPU.Build.0 = Debug|Any CPU
		{5275AE18-923C-4FE2-BCF7-67487A7CFF0B}.Debug|Mixed Platforms.ActiveCfg = Debug|Any CPU
		{5275AE18-923C-4FE2-BCF7-67487A7CFF0B}.Debug|Mixed Platforms.Build.0 = Debug|Any CPU
		{5275AE18-923C-4FE2-BCF7-67487A7CFF0B}.Debug|x86.ActiveCfg = Debug|Any CPU
		{5275AE18-923C-4FE2-BCF7-67487A7CFF0B}.Pretest|Any CPU.ActiveCfg = Pretest|Any CPU
		{5275AE18-923C-4FE2-BCF7-67487A7CFF0B}.Pretest|Any CPU.Build.0 = Pretest|Any CPU
		{5275AE18-923C-4FE2-BCF7-67487A7CFF0B}.Pretest|Mixed Platforms.ActiveCfg = Pretest|Any CPU
		{5275AE18-923C-4FE2-BCF7-67487A7CFF0B}.Pretest|x86.ActiveCfg = Pretest|Any CPU
		{5275AE18-923C-4FE2-BCF7-67487A7CFF0B}.Pretest|x86.Build.0 = Pretest|Any CPU
		{5275AE18-923C-4FE2-BCF7-67487A7CFF0B}.Release|Any CPU.ActiveCfg = Release|Any CPU
		{5275AE18-923C-4FE2-BCF7-67487A7CFF0B}.Release|Any CPU.Build.0 = Release|Any CPU
		{5275AE18-923C-4FE2-BCF7-67487A7CFF0B}.Release|Mixed Platforms.ActiveCfg = Release|Any CPU
		{5275AE18-923C-4FE2-BCF7-67487A7CFF0B}.Release|Mixed Platforms.Build.0 = Release|Any CPU
		{5275AE18-923C-4FE2-BCF7-67487A7CFF0B}.Release|x86.ActiveCfg = Release|Any CPU
		{5275AE18-923C-4FE2-BCF7-67487A7CFF0B}.Release32bit|Any CPU.ActiveCfg = Release|Any CPU
		{5275AE18-923C-4FE2-BCF7-67487A7CFF0B}.Release32bit|Any CPU.Build.0 = Release|Any CPU
		{5275AE18-923C-4FE2-BCF7-67487A7CFF0B}.Release32bit|Mixed Platforms.ActiveCfg = Release|Any CPU
		{5275AE18-923C-4FE2-BCF7-67487A7CFF0B}.Release32bit|Mixed Platforms.Build.0 = Release|Any CPU
		{5275AE18-923C-4FE2-BCF7-67487A7CFF0B}.Release32bit|x86.ActiveCfg = Release|Any CPU
		{5275AE18-923C-4FE2-BCF7-67487A7CFF0B}.Release32bit|x86.Build.0 = Release|Any CPU
		{9116424F-BB5A-4CA6-9719-AA9E2F88BF74}.Debug|Any CPU.ActiveCfg = Debug|Any CPU
		{9116424F-BB5A-4CA6-9719-AA9E2F88BF74}.Debug|Any CPU.Build.0 = Debug|Any CPU
		{9116424F-BB5A-4CA6-9719-AA9E2F88BF74}.Debug|Mixed Platforms.ActiveCfg = Debug|Any CPU
		{9116424F-BB5A-4CA6-9719-AA9E2F88BF74}.Debug|Mixed Platforms.Build.0 = Debug|Any CPU
		{9116424F-BB5A-4CA6-9719-AA9E2F88BF74}.Debug|x86.ActiveCfg = Debug|Any CPU
		{9116424F-BB5A-4CA6-9719-AA9E2F88BF74}.Pretest|Any CPU.ActiveCfg = Pretest|Any CPU
		{9116424F-BB5A-4CA6-9719-AA9E2F88BF74}.Pretest|Any CPU.Build.0 = Pretest|Any CPU
		{9116424F-BB5A-4CA6-9719-AA9E2F88BF74}.Pretest|Mixed Platforms.ActiveCfg = Pretest|Any CPU
		{9116424F-BB5A-4CA6-9719-AA9E2F88BF74}.Pretest|x86.ActiveCfg = Pretest|Any CPU
		{9116424F-BB5A-4CA6-9719-AA9E2F88BF74}.Pretest|x86.Build.0 = Pretest|Any CPU
		{9116424F-BB5A-4CA6-9719-AA9E2F88BF74}.Release|Any CPU.ActiveCfg = Release|Any CPU
		{9116424F-BB5A-4CA6-9719-AA9E2F88BF74}.Release|Any CPU.Build.0 = Release|Any CPU
		{9116424F-BB5A-4CA6-9719-AA9E2F88BF74}.Release|Mixed Platforms.ActiveCfg = Release|Any CPU
		{9116424F-BB5A-4CA6-9719-AA9E2F88BF74}.Release|Mixed Platforms.Build.0 = Release|Any CPU
		{9116424F-BB5A-4CA6-9719-AA9E2F88BF74}.Release|x86.ActiveCfg = Release|Any CPU
		{9116424F-BB5A-4CA6-9719-AA9E2F88BF74}.Release32bit|Any CPU.ActiveCfg = Release|Any CPU
		{9116424F-BB5A-4CA6-9719-AA9E2F88BF74}.Release32bit|Any CPU.Build.0 = Release|Any CPU
		{9116424F-BB5A-4CA6-9719-AA9E2F88BF74}.Release32bit|Mixed Platforms.ActiveCfg = Release|Any CPU
		{9116424F-BB5A-4CA6-9719-AA9E2F88BF74}.Release32bit|Mixed Platforms.Build.0 = Release|Any CPU
		{9116424F-BB5A-4CA6-9719-AA9E2F88BF74}.Release32bit|x86.ActiveCfg = Release|Any CPU
		{9116424F-BB5A-4CA6-9719-AA9E2F88BF74}.Release32bit|x86.Build.0 = Release|Any CPU
		{104EA1CB-A900-4E30-8344-13735097C381}.Debug|Any CPU.ActiveCfg = Debug|Any CPU
		{104EA1CB-A900-4E30-8344-13735097C381}.Debug|Any CPU.Build.0 = Debug|Any CPU
		{104EA1CB-A900-4E30-8344-13735097C381}.Debug|Mixed Platforms.ActiveCfg = Debug|Any CPU
		{104EA1CB-A900-4E30-8344-13735097C381}.Debug|Mixed Platforms.Build.0 = Debug|Any CPU
		{104EA1CB-A900-4E30-8344-13735097C381}.Debug|x86.ActiveCfg = Debug|Any CPU
		{104EA1CB-A900-4E30-8344-13735097C381}.Pretest|Any CPU.ActiveCfg = Pretest|Any CPU
		{104EA1CB-A900-4E30-8344-13735097C381}.Pretest|Any CPU.Build.0 = Pretest|Any CPU
		{104EA1CB-A900-4E30-8344-13735097C381}.Pretest|Mixed Platforms.ActiveCfg = Pretest|Any CPU
		{104EA1CB-A900-4E30-8344-13735097C381}.Pretest|x86.ActiveCfg = Pretest|Any CPU
		{104EA1CB-A900-4E30-8344-13735097C381}.Pretest|x86.Build.0 = Pretest|Any CPU
		{104EA1CB-A900-4E30-8344-13735097C381}.Release|Any CPU.ActiveCfg = Release|Any CPU
		{104EA1CB-A900-4E30-8344-13735097C381}.Release|Any CPU.Build.0 = Release|Any CPU
		{104EA1CB-A900-4E30-8344-13735097C381}.Release|Mixed Platforms.ActiveCfg = Release|Any CPU
		{104EA1CB-A900-4E30-8344-13735097C381}.Release|Mixed Platforms.Build.0 = Release|Any CPU
		{104EA1CB-A900-4E30-8344-13735097C381}.Release|x86.ActiveCfg = Release|Any CPU
		{104EA1CB-A900-4E30-8344-13735097C381}.Release32bit|Any CPU.ActiveCfg = Release|Any CPU
		{104EA1CB-A900-4E30-8344-13735097C381}.Release32bit|Any CPU.Build.0 = Release|Any CPU
		{104EA1CB-A900-4E30-8344-13735097C381}.Release32bit|Mixed Platforms.ActiveCfg = Release|Any CPU
		{104EA1CB-A900-4E30-8344-13735097C381}.Release32bit|Mixed Platforms.Build.0 = Release|Any CPU
		{104EA1CB-A900-4E30-8344-13735097C381}.Release32bit|x86.ActiveCfg = Release|Any CPU
		{104EA1CB-A900-4E30-8344-13735097C381}.Release32bit|x86.Build.0 = Release|Any CPU
		{237C1321-4809-44FF-948E-CB1AA48DDEE3}.Debug|Any CPU.ActiveCfg = Debug|Any CPU
		{237C1321-4809-44FF-948E-CB1AA48DDEE3}.Debug|Any CPU.Build.0 = Debug|Any CPU
		{237C1321-4809-44FF-948E-CB1AA48DDEE3}.Debug|Mixed Platforms.ActiveCfg = Debug|Any CPU
		{237C1321-4809-44FF-948E-CB1AA48DDEE3}.Debug|Mixed Platforms.Build.0 = Debug|Any CPU
		{237C1321-4809-44FF-948E-CB1AA48DDEE3}.Debug|x86.ActiveCfg = Debug|Any CPU
		{237C1321-4809-44FF-948E-CB1AA48DDEE3}.Pretest|Any CPU.ActiveCfg = Pretest|Any CPU
		{237C1321-4809-44FF-948E-CB1AA48DDEE3}.Pretest|Any CPU.Build.0 = Pretest|Any CPU
		{237C1321-4809-44FF-948E-CB1AA48DDEE3}.Pretest|Mixed Platforms.ActiveCfg = Pretest|Any CPU
		{237C1321-4809-44FF-948E-CB1AA48DDEE3}.Pretest|x86.ActiveCfg = Pretest|Any CPU
		{237C1321-4809-44FF-948E-CB1AA48DDEE3}.Pretest|x86.Build.0 = Pretest|Any CPU
		{237C1321-4809-44FF-948E-CB1AA48DDEE3}.Release|Any CPU.ActiveCfg = Release|Any CPU
		{237C1321-4809-44FF-948E-CB1AA48DDEE3}.Release|Any CPU.Build.0 = Release|Any CPU
		{237C1321-4809-44FF-948E-CB1AA48DDEE3}.Release|Mixed Platforms.ActiveCfg = Release|Any CPU
		{237C1321-4809-44FF-948E-CB1AA48DDEE3}.Release|Mixed Platforms.Build.0 = Release|Any CPU
		{237C1321-4809-44FF-948E-CB1AA48DDEE3}.Release|x86.ActiveCfg = Release|Any CPU
		{237C1321-4809-44FF-948E-CB1AA48DDEE3}.Release32bit|Any CPU.ActiveCfg = Release|Any CPU
		{237C1321-4809-44FF-948E-CB1AA48DDEE3}.Release32bit|Any CPU.Build.0 = Release|Any CPU
		{237C1321-4809-44FF-948E-CB1AA48DDEE3}.Release32bit|Mixed Platforms.ActiveCfg = Release|Any CPU
		{237C1321-4809-44FF-948E-CB1AA48DDEE3}.Release32bit|Mixed Platforms.Build.0 = Release|Any CPU
		{237C1321-4809-44FF-948E-CB1AA48DDEE3}.Release32bit|x86.ActiveCfg = Release|Any CPU
		{237C1321-4809-44FF-948E-CB1AA48DDEE3}.Release32bit|x86.Build.0 = Release|Any CPU
		{06D48376-6E54-4189-B684-0005AF2947CF}.Debug|Any CPU.ActiveCfg = Debug|Any CPU
		{06D48376-6E54-4189-B684-0005AF2947CF}.Debug|Any CPU.Build.0 = Debug|Any CPU
		{06D48376-6E54-4189-B684-0005AF2947CF}.Debug|Mixed Platforms.ActiveCfg = Debug|Any CPU
		{06D48376-6E54-4189-B684-0005AF2947CF}.Debug|Mixed Platforms.Build.0 = Debug|Any CPU
		{06D48376-6E54-4189-B684-0005AF2947CF}.Debug|x86.ActiveCfg = Debug|Any CPU
		{06D48376-6E54-4189-B684-0005AF2947CF}.Pretest|Any CPU.ActiveCfg = Pretest|Any CPU
		{06D48376-6E54-4189-B684-0005AF2947CF}.Pretest|Any CPU.Build.0 = Pretest|Any CPU
		{06D48376-6E54-4189-B684-0005AF2947CF}.Pretest|Mixed Platforms.ActiveCfg = Pretest|Any CPU
		{06D48376-6E54-4189-B684-0005AF2947CF}.Pretest|x86.ActiveCfg = Pretest|Any CPU
		{06D48376-6E54-4189-B684-0005AF2947CF}.Pretest|x86.Build.0 = Pretest|Any CPU
		{06D48376-6E54-4189-B684-0005AF2947CF}.Release|Any CPU.ActiveCfg = Release|Any CPU
		{06D48376-6E54-4189-B684-0005AF2947CF}.Release|Any CPU.Build.0 = Release|Any CPU
		{06D48376-6E54-4189-B684-0005AF2947CF}.Release|Mixed Platforms.ActiveCfg = Release|Any CPU
		{06D48376-6E54-4189-B684-0005AF2947CF}.Release|Mixed Platforms.Build.0 = Release|Any CPU
		{06D48376-6E54-4189-B684-0005AF2947CF}.Release|x86.ActiveCfg = Release|Any CPU
		{06D48376-6E54-4189-B684-0005AF2947CF}.Release32bit|Any CPU.ActiveCfg = Release|Any CPU
		{06D48376-6E54-4189-B684-0005AF2947CF}.Release32bit|Any CPU.Build.0 = Release|Any CPU
		{06D48376-6E54-4189-B684-0005AF2947CF}.Release32bit|Mixed Platforms.ActiveCfg = Release|Any CPU
		{06D48376-6E54-4189-B684-0005AF2947CF}.Release32bit|Mixed Platforms.Build.0 = Release|Any CPU
		{06D48376-6E54-4189-B684-0005AF2947CF}.Release32bit|x86.ActiveCfg = Release|Any CPU
		{06D48376-6E54-4189-B684-0005AF2947CF}.Release32bit|x86.Build.0 = Release|Any CPU
		{139B4DA2-D394-43F4-9974-8641CBAE86B5}.Debug|Any CPU.ActiveCfg = Debug|Any CPU
		{139B4DA2-D394-43F4-9974-8641CBAE86B5}.Debug|Any CPU.Build.0 = Debug|Any CPU
		{139B4DA2-D394-43F4-9974-8641CBAE86B5}.Debug|Mixed Platforms.ActiveCfg = Debug|Any CPU
		{139B4DA2-D394-43F4-9974-8641CBAE86B5}.Debug|Mixed Platforms.Build.0 = Debug|Any CPU
		{139B4DA2-D394-43F4-9974-8641CBAE86B5}.Debug|x86.ActiveCfg = Debug|Any CPU
		{139B4DA2-D394-43F4-9974-8641CBAE86B5}.Pretest|Any CPU.ActiveCfg = Pretest|Any CPU
		{139B4DA2-D394-43F4-9974-8641CBAE86B5}.Pretest|Any CPU.Build.0 = Pretest|Any CPU
		{139B4DA2-D394-43F4-9974-8641CBAE86B5}.Pretest|Mixed Platforms.ActiveCfg = Pretest|Any CPU
		{139B4DA2-D394-43F4-9974-8641CBAE86B5}.Pretest|x86.ActiveCfg = Pretest|Any CPU
		{139B4DA2-D394-43F4-9974-8641CBAE86B5}.Pretest|x86.Build.0 = Pretest|Any CPU
		{139B4DA2-D394-43F4-9974-8641CBAE86B5}.Release|Any CPU.ActiveCfg = Release|Any CPU
		{139B4DA2-D394-43F4-9974-8641CBAE86B5}.Release|Any CPU.Build.0 = Release|Any CPU
		{139B4DA2-D394-43F4-9974-8641CBAE86B5}.Release|Mixed Platforms.ActiveCfg = Release|Any CPU
		{139B4DA2-D394-43F4-9974-8641CBAE86B5}.Release|Mixed Platforms.Build.0 = Release|Any CPU
		{139B4DA2-D394-43F4-9974-8641CBAE86B5}.Release|x86.ActiveCfg = Release|Any CPU
		{139B4DA2-D394-43F4-9974-8641CBAE86B5}.Release32bit|Any CPU.ActiveCfg = Release|Any CPU
		{139B4DA2-D394-43F4-9974-8641CBAE86B5}.Release32bit|Any CPU.Build.0 = Release|Any CPU
		{139B4DA2-D394-43F4-9974-8641CBAE86B5}.Release32bit|Mixed Platforms.ActiveCfg = Release|Any CPU
		{139B4DA2-D394-43F4-9974-8641CBAE86B5}.Release32bit|Mixed Platforms.Build.0 = Release|Any CPU
		{139B4DA2-D394-43F4-9974-8641CBAE86B5}.Release32bit|x86.ActiveCfg = Release|Any CPU
		{139B4DA2-D394-43F4-9974-8641CBAE86B5}.Release32bit|x86.Build.0 = Release|Any CPU
		{47A4D81E-635C-41F8-9114-891B0A2573B6}.Debug|Any CPU.ActiveCfg = Debug|Any CPU
		{47A4D81E-635C-41F8-9114-891B0A2573B6}.Debug|Any CPU.Build.0 = Debug|Any CPU
		{47A4D81E-635C-41F8-9114-891B0A2573B6}.Debug|Mixed Platforms.ActiveCfg = Debug|Any CPU
		{47A4D81E-635C-41F8-9114-891B0A2573B6}.Debug|Mixed Platforms.Build.0 = Debug|Any CPU
		{47A4D81E-635C-41F8-9114-891B0A2573B6}.Debug|x86.ActiveCfg = Debug|Any CPU
		{47A4D81E-635C-41F8-9114-891B0A2573B6}.Pretest|Any CPU.ActiveCfg = Pretest|Any CPU
		{47A4D81E-635C-41F8-9114-891B0A2573B6}.Pretest|Any CPU.Build.0 = Pretest|Any CPU
		{47A4D81E-635C-41F8-9114-891B0A2573B6}.Pretest|Mixed Platforms.ActiveCfg = Pretest|Any CPU
		{47A4D81E-635C-41F8-9114-891B0A2573B6}.Pretest|x86.ActiveCfg = Pretest|Any CPU
		{47A4D81E-635C-41F8-9114-891B0A2573B6}.Pretest|x86.Build.0 = Pretest|Any CPU
		{47A4D81E-635C-41F8-9114-891B0A2573B6}.Release|Any CPU.ActiveCfg = Release|Any CPU
		{47A4D81E-635C-41F8-9114-891B0A2573B6}.Release|Any CPU.Build.0 = Release|Any CPU
		{47A4D81E-635C-41F8-9114-891B0A2573B6}.Release|Mixed Platforms.ActiveCfg = Release|Any CPU
		{47A4D81E-635C-41F8-9114-891B0A2573B6}.Release|Mixed Platforms.Build.0 = Release|Any CPU
		{47A4D81E-635C-41F8-9114-891B0A2573B6}.Release|x86.ActiveCfg = Release|Any CPU
		{47A4D81E-635C-41F8-9114-891B0A2573B6}.Release32bit|Any CPU.ActiveCfg = Release|Any CPU
		{47A4D81E-635C-41F8-9114-891B0A2573B6}.Release32bit|Any CPU.Build.0 = Release|Any CPU
		{47A4D81E-635C-41F8-9114-891B0A2573B6}.Release32bit|Mixed Platforms.ActiveCfg = Release|Any CPU
		{47A4D81E-635C-41F8-9114-891B0A2573B6}.Release32bit|Mixed Platforms.Build.0 = Release|Any CPU
		{47A4D81E-635C-41F8-9114-891B0A2573B6}.Release32bit|x86.ActiveCfg = Release|Any CPU
		{47A4D81E-635C-41F8-9114-891B0A2573B6}.Release32bit|x86.Build.0 = Release|Any CPU
		{11E9517C-5082-4C8E-B9E1-D553515C0EC7}.Debug|Any CPU.ActiveCfg = Debug|Any CPU
		{11E9517C-5082-4C8E-B9E1-D553515C0EC7}.Debug|Any CPU.Build.0 = Debug|Any CPU
		{11E9517C-5082-4C8E-B9E1-D553515C0EC7}.Debug|Mixed Platforms.ActiveCfg = Debug|Any CPU
		{11E9517C-5082-4C8E-B9E1-D553515C0EC7}.Debug|Mixed Platforms.Build.0 = Debug|Any CPU
		{11E9517C-5082-4C8E-B9E1-D553515C0EC7}.Debug|x86.ActiveCfg = Debug|Any CPU
		{11E9517C-5082-4C8E-B9E1-D553515C0EC7}.Pretest|Any CPU.ActiveCfg = Pretest|Any CPU
		{11E9517C-5082-4C8E-B9E1-D553515C0EC7}.Pretest|Any CPU.Build.0 = Pretest|Any CPU
		{11E9517C-5082-4C8E-B9E1-D553515C0EC7}.Pretest|Mixed Platforms.ActiveCfg = Pretest|Any CPU
		{11E9517C-5082-4C8E-B9E1-D553515C0EC7}.Pretest|x86.ActiveCfg = Pretest|Any CPU
		{11E9517C-5082-4C8E-B9E1-D553515C0EC7}.Pretest|x86.Build.0 = Pretest|Any CPU
		{11E9517C-5082-4C8E-B9E1-D553515C0EC7}.Release|Any CPU.ActiveCfg = Release|Any CPU
		{11E9517C-5082-4C8E-B9E1-D553515C0EC7}.Release|Any CPU.Build.0 = Release|Any CPU
		{11E9517C-5082-4C8E-B9E1-D553515C0EC7}.Release|Mixed Platforms.ActiveCfg = Release|Any CPU
		{11E9517C-5082-4C8E-B9E1-D553515C0EC7}.Release|Mixed Platforms.Build.0 = Release|Any CPU
		{11E9517C-5082-4C8E-B9E1-D553515C0EC7}.Release|x86.ActiveCfg = Release|Any CPU
		{11E9517C-5082-4C8E-B9E1-D553515C0EC7}.Release32bit|Any CPU.ActiveCfg = Release|Any CPU
		{11E9517C-5082-4C8E-B9E1-D553515C0EC7}.Release32bit|Any CPU.Build.0 = Release|Any CPU
		{11E9517C-5082-4C8E-B9E1-D553515C0EC7}.Release32bit|Mixed Platforms.ActiveCfg = Release|Any CPU
		{11E9517C-5082-4C8E-B9E1-D553515C0EC7}.Release32bit|Mixed Platforms.Build.0 = Release|Any CPU
		{11E9517C-5082-4C8E-B9E1-D553515C0EC7}.Release32bit|x86.ActiveCfg = Release|Any CPU
		{11E9517C-5082-4C8E-B9E1-D553515C0EC7}.Release32bit|x86.Build.0 = Release|Any CPU
		{38AEFF42-234C-45FE-A71D-F4B0A85E39D2}.Debug|Any CPU.ActiveCfg = Debug|Any CPU
		{38AEFF42-234C-45FE-A71D-F4B0A85E39D2}.Debug|Any CPU.Build.0 = Debug|Any CPU
		{38AEFF42-234C-45FE-A71D-F4B0A85E39D2}.Debug|Mixed Platforms.ActiveCfg = Debug|Any CPU
		{38AEFF42-234C-45FE-A71D-F4B0A85E39D2}.Debug|Mixed Platforms.Build.0 = Debug|Any CPU
		{38AEFF42-234C-45FE-A71D-F4B0A85E39D2}.Debug|x86.ActiveCfg = Debug|Any CPU
		{38AEFF42-234C-45FE-A71D-F4B0A85E39D2}.Pretest|Any CPU.ActiveCfg = Pretest|Any CPU
		{38AEFF42-234C-45FE-A71D-F4B0A85E39D2}.Pretest|Any CPU.Build.0 = Pretest|Any CPU
		{38AEFF42-234C-45FE-A71D-F4B0A85E39D2}.Pretest|Mixed Platforms.ActiveCfg = Pretest|Any CPU
		{38AEFF42-234C-45FE-A71D-F4B0A85E39D2}.Pretest|x86.ActiveCfg = Pretest|Any CPU
		{38AEFF42-234C-45FE-A71D-F4B0A85E39D2}.Pretest|x86.Build.0 = Pretest|Any CPU
		{38AEFF42-234C-45FE-A71D-F4B0A85E39D2}.Release|Any CPU.ActiveCfg = Release|Any CPU
		{38AEFF42-234C-45FE-A71D-F4B0A85E39D2}.Release|Any CPU.Build.0 = Release|Any CPU
		{38AEFF42-234C-45FE-A71D-F4B0A85E39D2}.Release|Mixed Platforms.ActiveCfg = Release|Any CPU
		{38AEFF42-234C-45FE-A71D-F4B0A85E39D2}.Release|Mixed Platforms.Build.0 = Release|Any CPU
		{38AEFF42-234C-45FE-A71D-F4B0A85E39D2}.Release|x86.ActiveCfg = Release|Any CPU
		{38AEFF42-234C-45FE-A71D-F4B0A85E39D2}.Release32bit|Any CPU.ActiveCfg = Release|Any CPU
		{38AEFF42-234C-45FE-A71D-F4B0A85E39D2}.Release32bit|Any CPU.Build.0 = Release|Any CPU
		{38AEFF42-234C-45FE-A71D-F4B0A85E39D2}.Release32bit|Mixed Platforms.ActiveCfg = Release|Any CPU
		{38AEFF42-234C-45FE-A71D-F4B0A85E39D2}.Release32bit|Mixed Platforms.Build.0 = Release|Any CPU
		{38AEFF42-234C-45FE-A71D-F4B0A85E39D2}.Release32bit|x86.ActiveCfg = Release|Any CPU
		{38AEFF42-234C-45FE-A71D-F4B0A85E39D2}.Release32bit|x86.Build.0 = Release|Any CPU
		{452980C6-000A-4518-B4A1-76CD7257A421}.Debug|Any CPU.ActiveCfg = Debug|Any CPU
		{452980C6-000A-4518-B4A1-76CD7257A421}.Debug|Any CPU.Build.0 = Debug|Any CPU
		{452980C6-000A-4518-B4A1-76CD7257A421}.Debug|Mixed Platforms.ActiveCfg = Debug|x86
		{452980C6-000A-4518-B4A1-76CD7257A421}.Debug|Mixed Platforms.Build.0 = Debug|x86
		{452980C6-000A-4518-B4A1-76CD7257A421}.Debug|x86.ActiveCfg = Debug|x86
		{452980C6-000A-4518-B4A1-76CD7257A421}.Debug|x86.Build.0 = Debug|x86
		{452980C6-000A-4518-B4A1-76CD7257A421}.Pretest|Any CPU.ActiveCfg = Pretest|Any CPU
		{452980C6-000A-4518-B4A1-76CD7257A421}.Pretest|Any CPU.Build.0 = Pretest|Any CPU
		{452980C6-000A-4518-B4A1-76CD7257A421}.Pretest|Mixed Platforms.ActiveCfg = Pretest|x86
		{452980C6-000A-4518-B4A1-76CD7257A421}.Pretest|x86.ActiveCfg = Pretest|x86
		{452980C6-000A-4518-B4A1-76CD7257A421}.Pretest|x86.Build.0 = Pretest|x86
		{452980C6-000A-4518-B4A1-76CD7257A421}.Release|Any CPU.ActiveCfg = Release|Any CPU
		{452980C6-000A-4518-B4A1-76CD7257A421}.Release|Any CPU.Build.0 = Release|Any CPU
		{452980C6-000A-4518-B4A1-76CD7257A421}.Release|Mixed Platforms.ActiveCfg = Release|x86
		{452980C6-000A-4518-B4A1-76CD7257A421}.Release|Mixed Platforms.Build.0 = Release|x86
		{452980C6-000A-4518-B4A1-76CD7257A421}.Release|x86.ActiveCfg = Release|x86
		{452980C6-000A-4518-B4A1-76CD7257A421}.Release|x86.Build.0 = Release|x86
		{452980C6-000A-4518-B4A1-76CD7257A421}.Release32bit|Any CPU.ActiveCfg = Release32bit|Any CPU
		{452980C6-000A-4518-B4A1-76CD7257A421}.Release32bit|Any CPU.Build.0 = Release32bit|Any CPU
		{452980C6-000A-4518-B4A1-76CD7257A421}.Release32bit|Mixed Platforms.ActiveCfg = Release32bit|x86
		{452980C6-000A-4518-B4A1-76CD7257A421}.Release32bit|Mixed Platforms.Build.0 = Release32bit|x86
		{452980C6-000A-4518-B4A1-76CD7257A421}.Release32bit|x86.ActiveCfg = Release32bit|x86
		{452980C6-000A-4518-B4A1-76CD7257A421}.Release32bit|x86.Build.0 = Release32bit|x86
		{B973EE1B-E3FB-46B3-A177-A19B40D5BE9D}.Debug|Any CPU.ActiveCfg = Debug|Any CPU
		{B973EE1B-E3FB-46B3-A177-A19B40D5BE9D}.Debug|Any CPU.Build.0 = Debug|Any CPU
		{B973EE1B-E3FB-46B3-A177-A19B40D5BE9D}.Debug|Mixed Platforms.ActiveCfg = Debug|Any CPU
		{B973EE1B-E3FB-46B3-A177-A19B40D5BE9D}.Debug|Mixed Platforms.Build.0 = Debug|Any CPU
		{B973EE1B-E3FB-46B3-A177-A19B40D5BE9D}.Debug|x86.ActiveCfg = Debug|Any CPU
		{B973EE1B-E3FB-46B3-A177-A19B40D5BE9D}.Debug|x86.Build.0 = Debug|Any CPU
		{B973EE1B-E3FB-46B3-A177-A19B40D5BE9D}.Pretest|Any CPU.ActiveCfg = Pretest|Any CPU
		{B973EE1B-E3FB-46B3-A177-A19B40D5BE9D}.Pretest|Any CPU.Build.0 = Pretest|Any CPU
		{B973EE1B-E3FB-46B3-A177-A19B40D5BE9D}.Pretest|Mixed Platforms.ActiveCfg = Pretest|Any CPU
		{B973EE1B-E3FB-46B3-A177-A19B40D5BE9D}.Pretest|x86.ActiveCfg = Pretest|Any CPU
		{B973EE1B-E3FB-46B3-A177-A19B40D5BE9D}.Pretest|x86.Build.0 = Pretest|Any CPU
		{B973EE1B-E3FB-46B3-A177-A19B40D5BE9D}.Release|Any CPU.ActiveCfg = Release|Any CPU
		{B973EE1B-E3FB-46B3-A177-A19B40D5BE9D}.Release|Any CPU.Build.0 = Release|Any CPU
		{B973EE1B-E3FB-46B3-A177-A19B40D5BE9D}.Release|Mixed Platforms.ActiveCfg = Release|Any CPU
		{B973EE1B-E3FB-46B3-A177-A19B40D5BE9D}.Release|Mixed Platforms.Build.0 = Release|Any CPU
		{B973EE1B-E3FB-46B3-A177-A19B40D5BE9D}.Release|x86.ActiveCfg = Release|Any CPU
		{B973EE1B-E3FB-46B3-A177-A19B40D5BE9D}.Release|x86.Build.0 = Release|Any CPU
		{B973EE1B-E3FB-46B3-A177-A19B40D5BE9D}.Release32bit|Any CPU.ActiveCfg = Release|Any CPU
		{B973EE1B-E3FB-46B3-A177-A19B40D5BE9D}.Release32bit|Any CPU.Build.0 = Release|Any CPU
		{B973EE1B-E3FB-46B3-A177-A19B40D5BE9D}.Release32bit|Mixed Platforms.ActiveCfg = Release|Any CPU
		{B973EE1B-E3FB-46B3-A177-A19B40D5BE9D}.Release32bit|Mixed Platforms.Build.0 = Release|Any CPU
		{B973EE1B-E3FB-46B3-A177-A19B40D5BE9D}.Release32bit|x86.ActiveCfg = Release|Any CPU
		{B973EE1B-E3FB-46B3-A177-A19B40D5BE9D}.Release32bit|x86.Build.0 = Release|Any CPU
		{B0DBE2AA-1ABF-40C6-B553-832D6C9A0A3F}.Debug|Any CPU.ActiveCfg = Debug|Any CPU
		{B0DBE2AA-1ABF-40C6-B553-832D6C9A0A3F}.Debug|Any CPU.Build.0 = Debug|Any CPU
		{B0DBE2AA-1ABF-40C6-B553-832D6C9A0A3F}.Debug|Mixed Platforms.ActiveCfg = Debug|Any CPU
		{B0DBE2AA-1ABF-40C6-B553-832D6C9A0A3F}.Debug|Mixed Platforms.Build.0 = Debug|Any CPU
		{B0DBE2AA-1ABF-40C6-B553-832D6C9A0A3F}.Debug|x86.ActiveCfg = Debug|Any CPU
		{B0DBE2AA-1ABF-40C6-B553-832D6C9A0A3F}.Debug|x86.Build.0 = Debug|Any CPU
		{B0DBE2AA-1ABF-40C6-B553-832D6C9A0A3F}.Pretest|Any CPU.ActiveCfg = Pretest|Any CPU
		{B0DBE2AA-1ABF-40C6-B553-832D6C9A0A3F}.Pretest|Any CPU.Build.0 = Pretest|Any CPU
		{B0DBE2AA-1ABF-40C6-B553-832D6C9A0A3F}.Pretest|Mixed Platforms.ActiveCfg = Pretest|Any CPU
		{B0DBE2AA-1ABF-40C6-B553-832D6C9A0A3F}.Pretest|x86.ActiveCfg = Pretest|Any CPU
		{B0DBE2AA-1ABF-40C6-B553-832D6C9A0A3F}.Pretest|x86.Build.0 = Pretest|Any CPU
		{B0DBE2AA-1ABF-40C6-B553-832D6C9A0A3F}.Release|Any CPU.ActiveCfg = Release|Any CPU
		{B0DBE2AA-1ABF-40C6-B553-832D6C9A0A3F}.Release|Any CPU.Build.0 = Release|Any CPU
		{B0DBE2AA-1ABF-40C6-B553-832D6C9A0A3F}.Release|Mixed Platforms.ActiveCfg = Release|Any CPU
		{B0DBE2AA-1ABF-40C6-B553-832D6C9A0A3F}.Release|Mixed Platforms.Build.0 = Release|Any CPU
		{B0DBE2AA-1ABF-40C6-B553-832D6C9A0A3F}.Release|x86.ActiveCfg = Release|Any CPU
		{B0DBE2AA-1ABF-40C6-B553-832D6C9A0A3F}.Release|x86.Build.0 = Release|Any CPU
		{B0DBE2AA-1ABF-40C6-B553-832D6C9A0A3F}.Release32bit|Any CPU.ActiveCfg = Release|Any CPU
		{B0DBE2AA-1ABF-40C6-B553-832D6C9A0A3F}.Release32bit|Any CPU.Build.0 = Release|Any CPU
		{B0DBE2AA-1ABF-40C6-B553-832D6C9A0A3F}.Release32bit|Mixed Platforms.ActiveCfg = Release|Any CPU
		{B0DBE2AA-1ABF-40C6-B553-832D6C9A0A3F}.Release32bit|Mixed Platforms.Build.0 = Release|Any CPU
		{B0DBE2AA-1ABF-40C6-B553-832D6C9A0A3F}.Release32bit|x86.ActiveCfg = Release|Any CPU
		{B0DBE2AA-1ABF-40C6-B553-832D6C9A0A3F}.Release32bit|x86.Build.0 = Release|Any CPU
		{7B51D9C8-7959-4AD9-8F68-7E36FCC75038}.Debug|Any CPU.ActiveCfg = Debug|Any CPU
		{7B51D9C8-7959-4AD9-8F68-7E36FCC75038}.Debug|Any CPU.Build.0 = Debug|Any CPU
		{7B51D9C8-7959-4AD9-8F68-7E36FCC75038}.Debug|Mixed Platforms.ActiveCfg = Debug|Any CPU
		{7B51D9C8-7959-4AD9-8F68-7E36FCC75038}.Debug|Mixed Platforms.Build.0 = Debug|Any CPU
		{7B51D9C8-7959-4AD9-8F68-7E36FCC75038}.Debug|x86.ActiveCfg = Debug|Any CPU
		{7B51D9C8-7959-4AD9-8F68-7E36FCC75038}.Debug|x86.Build.0 = Debug|Any CPU
		{7B51D9C8-7959-4AD9-8F68-7E36FCC75038}.Pretest|Any CPU.ActiveCfg = Pretest|Any CPU
		{7B51D9C8-7959-4AD9-8F68-7E36FCC75038}.Pretest|Any CPU.Build.0 = Pretest|Any CPU
		{7B51D9C8-7959-4AD9-8F68-7E36FCC75038}.Pretest|Mixed Platforms.ActiveCfg = Pretest|Any CPU
		{7B51D9C8-7959-4AD9-8F68-7E36FCC75038}.Pretest|x86.ActiveCfg = Pretest|Any CPU
		{7B51D9C8-7959-4AD9-8F68-7E36FCC75038}.Pretest|x86.Build.0 = Pretest|Any CPU
		{7B51D9C8-7959-4AD9-8F68-7E36FCC75038}.Release|Any CPU.ActiveCfg = Release|Any CPU
		{7B51D9C8-7959-4AD9-8F68-7E36FCC75038}.Release|Any CPU.Build.0 = Release|Any CPU
		{7B51D9C8-7959-4AD9-8F68-7E36FCC75038}.Release|Mixed Platforms.ActiveCfg = Release|Any CPU
		{7B51D9C8-7959-4AD9-8F68-7E36FCC75038}.Release|Mixed Platforms.Build.0 = Release|Any CPU
		{7B51D9C8-7959-4AD9-8F68-7E36FCC75038}.Release|x86.ActiveCfg = Release|Any CPU
		{7B51D9C8-7959-4AD9-8F68-7E36FCC75038}.Release|x86.Build.0 = Release|Any CPU
		{7B51D9C8-7959-4AD9-8F68-7E36FCC75038}.Release32bit|Any CPU.ActiveCfg = Release|Any CPU
		{7B51D9C8-7959-4AD9-8F68-7E36FCC75038}.Release32bit|Any CPU.Build.0 = Release|Any CPU
		{7B51D9C8-7959-4AD9-8F68-7E36FCC75038}.Release32bit|Mixed Platforms.ActiveCfg = Release|Any CPU
		{7B51D9C8-7959-4AD9-8F68-7E36FCC75038}.Release32bit|Mixed Platforms.Build.0 = Release|Any CPU
		{7B51D9C8-7959-4AD9-8F68-7E36FCC75038}.Release32bit|x86.ActiveCfg = Release|Any CPU
		{7B51D9C8-7959-4AD9-8F68-7E36FCC75038}.Release32bit|x86.Build.0 = Release|Any CPU
		{212BB01C-A8B1-4BD6-9226-B8FDCA384B0B}.Debug|Any CPU.ActiveCfg = Debug|Any CPU
		{212BB01C-A8B1-4BD6-9226-B8FDCA384B0B}.Debug|Any CPU.Build.0 = Debug|Any CPU
		{212BB01C-A8B1-4BD6-9226-B8FDCA384B0B}.Debug|Mixed Platforms.ActiveCfg = Debug|Any CPU
		{212BB01C-A8B1-4BD6-9226-B8FDCA384B0B}.Debug|Mixed Platforms.Build.0 = Debug|Any CPU
		{212BB01C-A8B1-4BD6-9226-B8FDCA384B0B}.Debug|x86.ActiveCfg = Debug|Any CPU
		{212BB01C-A8B1-4BD6-9226-B8FDCA384B0B}.Debug|x86.Build.0 = Debug|Any CPU
		{212BB01C-A8B1-4BD6-9226-B8FDCA384B0B}.Pretest|Any CPU.ActiveCfg = Pretest|Any CPU
		{212BB01C-A8B1-4BD6-9226-B8FDCA384B0B}.Pretest|Any CPU.Build.0 = Pretest|Any CPU
		{212BB01C-A8B1-4BD6-9226-B8FDCA384B0B}.Pretest|Mixed Platforms.ActiveCfg = Pretest|Any CPU
		{212BB01C-A8B1-4BD6-9226-B8FDCA384B0B}.Pretest|Mixed Platforms.Build.0 = Pretest|Any CPU
		{212BB01C-A8B1-4BD6-9226-B8FDCA384B0B}.Pretest|x86.ActiveCfg = Pretest|Any CPU
		{212BB01C-A8B1-4BD6-9226-B8FDCA384B0B}.Pretest|x86.Build.0 = Pretest|Any CPU
		{212BB01C-A8B1-4BD6-9226-B8FDCA384B0B}.Release|Any CPU.ActiveCfg = Release|Any CPU
		{212BB01C-A8B1-4BD6-9226-B8FDCA384B0B}.Release|Any CPU.Build.0 = Release|Any CPU
		{212BB01C-A8B1-4BD6-9226-B8FDCA384B0B}.Release|Mixed Platforms.ActiveCfg = Release|Any CPU
		{212BB01C-A8B1-4BD6-9226-B8FDCA384B0B}.Release|Mixed Platforms.Build.0 = Release|Any CPU
		{212BB01C-A8B1-4BD6-9226-B8FDCA384B0B}.Release|x86.ActiveCfg = Release|Any CPU
		{212BB01C-A8B1-4BD6-9226-B8FDCA384B0B}.Release|x86.Build.0 = Release|Any CPU
		{212BB01C-A8B1-4BD6-9226-B8FDCA384B0B}.Release32bit|Any CPU.ActiveCfg = Release|Any CPU
		{212BB01C-A8B1-4BD6-9226-B8FDCA384B0B}.Release32bit|Any CPU.Build.0 = Release|Any CPU
		{212BB01C-A8B1-4BD6-9226-B8FDCA384B0B}.Release32bit|Mixed Platforms.ActiveCfg = Release|Any CPU
		{212BB01C-A8B1-4BD6-9226-B8FDCA384B0B}.Release32bit|Mixed Platforms.Build.0 = Release|Any CPU
		{212BB01C-A8B1-4BD6-9226-B8FDCA384B0B}.Release32bit|x86.ActiveCfg = Release|Any CPU
		{212BB01C-A8B1-4BD6-9226-B8FDCA384B0B}.Release32bit|x86.Build.0 = Release|Any CPU
		{FC9A2800-F2DA-4FB7-9606-D7A528A41CDA}.Debug|Any CPU.ActiveCfg = Debug|Any CPU
		{FC9A2800-F2DA-4FB7-9606-D7A528A41CDA}.Debug|Any CPU.Build.0 = Debug|Any CPU
		{FC9A2800-F2DA-4FB7-9606-D7A528A41CDA}.Debug|Mixed Platforms.ActiveCfg = Debug|Any CPU
		{FC9A2800-F2DA-4FB7-9606-D7A528A41CDA}.Debug|Mixed Platforms.Build.0 = Debug|Any CPU
		{FC9A2800-F2DA-4FB7-9606-D7A528A41CDA}.Debug|x86.ActiveCfg = Debug|Any CPU
		{FC9A2800-F2DA-4FB7-9606-D7A528A41CDA}.Debug|x86.Build.0 = Debug|Any CPU
		{FC9A2800-F2DA-4FB7-9606-D7A528A41CDA}.Pretest|Any CPU.ActiveCfg = Release|Any CPU
		{FC9A2800-F2DA-4FB7-9606-D7A528A41CDA}.Pretest|Any CPU.Build.0 = Release|Any CPU
		{FC9A2800-F2DA-4FB7-9606-D7A528A41CDA}.Pretest|Mixed Platforms.ActiveCfg = Release|Any CPU
		{FC9A2800-F2DA-4FB7-9606-D7A528A41CDA}.Pretest|Mixed Platforms.Build.0 = Release|Any CPU
		{FC9A2800-F2DA-4FB7-9606-D7A528A41CDA}.Pretest|x86.ActiveCfg = Release|Any CPU
		{FC9A2800-F2DA-4FB7-9606-D7A528A41CDA}.Pretest|x86.Build.0 = Release|Any CPU
		{FC9A2800-F2DA-4FB7-9606-D7A528A41CDA}.Release|Any CPU.ActiveCfg = Release|Any CPU
		{FC9A2800-F2DA-4FB7-9606-D7A528A41CDA}.Release|Any CPU.Build.0 = Release|Any CPU
		{FC9A2800-F2DA-4FB7-9606-D7A528A41CDA}.Release|Mixed Platforms.ActiveCfg = Release|Any CPU
		{FC9A2800-F2DA-4FB7-9606-D7A528A41CDA}.Release|Mixed Platforms.Build.0 = Release|Any CPU
		{FC9A2800-F2DA-4FB7-9606-D7A528A41CDA}.Release|x86.ActiveCfg = Release|Any CPU
		{FC9A2800-F2DA-4FB7-9606-D7A528A41CDA}.Release|x86.Build.0 = Release|Any CPU
		{FC9A2800-F2DA-4FB7-9606-D7A528A41CDA}.Release32bit|Any CPU.ActiveCfg = Release|Any CPU
		{FC9A2800-F2DA-4FB7-9606-D7A528A41CDA}.Release32bit|Any CPU.Build.0 = Release|Any CPU
		{FC9A2800-F2DA-4FB7-9606-D7A528A41CDA}.Release32bit|Mixed Platforms.ActiveCfg = Release|Any CPU
		{FC9A2800-F2DA-4FB7-9606-D7A528A41CDA}.Release32bit|Mixed Platforms.Build.0 = Release|Any CPU
		{FC9A2800-F2DA-4FB7-9606-D7A528A41CDA}.Release32bit|x86.ActiveCfg = Release|Any CPU
		{FC9A2800-F2DA-4FB7-9606-D7A528A41CDA}.Release32bit|x86.Build.0 = Release|Any CPU
		{6FF64D76-0D9E-4F7C-B081-AC966913860A}.Debug|Any CPU.ActiveCfg = Debug|Any CPU
		{6FF64D76-0D9E-4F7C-B081-AC966913860A}.Debug|Any CPU.Build.0 = Debug|Any CPU
		{6FF64D76-0D9E-4F7C-B081-AC966913860A}.Debug|Mixed Platforms.ActiveCfg = Debug|Any CPU
		{6FF64D76-0D9E-4F7C-B081-AC966913860A}.Debug|Mixed Platforms.Build.0 = Debug|Any CPU
		{6FF64D76-0D9E-4F7C-B081-AC966913860A}.Debug|x86.ActiveCfg = Debug|Any CPU
		{6FF64D76-0D9E-4F7C-B081-AC966913860A}.Debug|x86.Build.0 = Debug|Any CPU
		{6FF64D76-0D9E-4F7C-B081-AC966913860A}.Pretest|Any CPU.ActiveCfg = Release|Any CPU
		{6FF64D76-0D9E-4F7C-B081-AC966913860A}.Pretest|Any CPU.Build.0 = Release|Any CPU
		{6FF64D76-0D9E-4F7C-B081-AC966913860A}.Pretest|Mixed Platforms.ActiveCfg = Release|Any CPU
		{6FF64D76-0D9E-4F7C-B081-AC966913860A}.Pretest|Mixed Platforms.Build.0 = Release|Any CPU
		{6FF64D76-0D9E-4F7C-B081-AC966913860A}.Pretest|x86.ActiveCfg = Release|Any CPU
		{6FF64D76-0D9E-4F7C-B081-AC966913860A}.Pretest|x86.Build.0 = Release|Any CPU
		{6FF64D76-0D9E-4F7C-B081-AC966913860A}.Release|Any CPU.ActiveCfg = Release|Any CPU
		{6FF64D76-0D9E-4F7C-B081-AC966913860A}.Release|Any CPU.Build.0 = Release|Any CPU
		{6FF64D76-0D9E-4F7C-B081-AC966913860A}.Release|Mixed Platforms.ActiveCfg = Release|Any CPU
		{6FF64D76-0D9E-4F7C-B081-AC966913860A}.Release|Mixed Platforms.Build.0 = Release|Any CPU
		{6FF64D76-0D9E-4F7C-B081-AC966913860A}.Release|x86.ActiveCfg = Release|Any CPU
		{6FF64D76-0D9E-4F7C-B081-AC966913860A}.Release|x86.Build.0 = Release|Any CPU
		{6FF64D76-0D9E-4F7C-B081-AC966913860A}.Release32bit|Any CPU.ActiveCfg = Release|Any CPU
		{6FF64D76-0D9E-4F7C-B081-AC966913860A}.Release32bit|Any CPU.Build.0 = Release|Any CPU
		{6FF64D76-0D9E-4F7C-B081-AC966913860A}.Release32bit|Mixed Platforms.ActiveCfg = Release|Any CPU
		{6FF64D76-0D9E-4F7C-B081-AC966913860A}.Release32bit|Mixed Platforms.Build.0 = Release|Any CPU
		{6FF64D76-0D9E-4F7C-B081-AC966913860A}.Release32bit|x86.ActiveCfg = Release|Any CPU
		{6FF64D76-0D9E-4F7C-B081-AC966913860A}.Release32bit|x86.Build.0 = Release|Any CPU
	EndGlobalSection
	GlobalSection(SolutionProperties) = preSolution
		HideSolutionNode = FALSE
	EndGlobalSection
	GlobalSection(ExtensibilityGlobals) = postSolution
		SolutionGuid = {DE3D0311-A386-4ACB-8A68-A7C4D77C0210}
	EndGlobalSection
EndGlobal
