
Microsoft Visual Studio Solution File, Format Version 12.00
# Visual Studio 2013
VisualStudioVersion = 12.0.21005.1
MinimumVisualStudioVersion = 10.0.40219.1
Project("{FAE04EC0-301F-11D3-BF4B-00C04F79EFBC}") = "XMLTest", "XMLTest\XMLTest.csproj", "{2D8B5E16-4B30-4D6A-9F84-0D1341719415}"
EndProject
Project("{FAE04EC0-301F-11D3-BF4B-00C04F79EFBC}") = "DealInsertExtended", "DealInsertExtended\DealInsertExtended.csproj", "{DDC710CD-734C-4A0B-AD2B-ACFCEE9AED55}"
EndProject
Project("{FAE04EC0-301F-11D3-BF4B-00C04F79EFBC}") = "DealInsertXmlGenerator.Model", "DealInsertXmlGenerator.Model\DealInsertXmlGenerator.Model.csproj", "{636A1A16-87A5-4C10-8B1A-DC9AFEAD5FAE}"
EndProject
Project("{FAE04EC0-301F-11D3-BF4B-00C04F79EFBC}") = "DealInsertXmlGenerator.Controller", "DealInsertXmlGenerator.Controller\DealInsertXmlGenerator.Controller.csproj", "{6FB868C3-8F9E-490C-AAB5-EB47E565CCA4}"
EndProject
Project("{FAE04EC0-301F-11D3-BF4B-00C04F79EFBC}") = "DealInsertXmlGenerator.ExcelAddIn", "DealInsertXmlGenerator.ExcelAddIn\DealInsertXmlGenerator.ExcelAddIn.csproj", "{8C420AEC-F0ED-4B9B-8948-8E2C545C067B}"
EndProject
Global
	GlobalSection(TeamFoundationVersionControl) = preSolution
		SccNumberOfProjects = 6
		SccEnterpriseProvider = {4CA58AB2-18FA-4F8D-95D4-32DDF27D184C}
		SccTeamFoundationServer = http://bervs-tfs05:8080/tfs/bradyenergy
		SccLocalPath0 = .
		SccProjectUniqueName1 = XMLTest\\XMLTest.csproj
		SccProjectName1 = XMLTest
		SccLocalPath1 = XMLTest
		SccProjectUniqueName2 = DealInsertExtended\\DealInsertExtended.csproj
		SccProjectName2 = DealInsertExtended
		SccLocalPath2 = DealInsertExtended
		SccProjectUniqueName3 = DealInsertXmlGenerator.Model\\DealInsertXmlGenerator.Model.csproj
		SccProjectName3 = DealInsertXmlGenerator.Model
		SccLocalPath3 = DealInsertXmlGenerator.Model
		SccProjectUniqueName4 = DealInsertXmlGenerator.Controller\\DealInsertXmlGenerator.Controller.csproj
		SccProjectName4 = DealInsertXmlGenerator.Controller
		SccLocalPath4 = DealInsertXmlGenerator.Controller
		SccProjectUniqueName5 = DealInsertXmlGenerator.ExcelAddIn\\DealInsertXmlGenerator.ExcelAddIn.csproj
		SccProjectName5 = DealInsertXmlGenerator.ExcelAddIn
		SccLocalPath5 = DealInsertXmlGenerator.ExcelAddIn
	EndGlobalSection
	GlobalSection(SolutionConfigurationPlatforms) = preSolution
		Debug|Any CPU = Debug|Any CPU
		Release|Any CPU = Release|Any CPU
	EndGlobalSection
	GlobalSection(ProjectConfigurationPlatforms) = postSolution
		{2D8B5E16-4B30-4D6A-9F84-0D1341719415}.Debug|Any CPU.ActiveCfg = Debug|Any CPU
		{2D8B5E16-4B30-4D6A-9F84-0D1341719415}.Debug|Any CPU.Build.0 = Debug|Any CPU
		{2D8B5E16-4B30-4D6A-9F84-0D1341719415}.Release|Any CPU.ActiveCfg = Release|Any CPU
		{2D8B5E16-4B30-4D6A-9F84-0D1341719415}.Release|Any CPU.Build.0 = Release|Any CPU
		{DDC710CD-734C-4A0B-AD2B-ACFCEE9AED55}.Debug|Any CPU.ActiveCfg = Debug|Any CPU
		{DDC710CD-734C-4A0B-AD2B-ACFCEE9AED55}.Debug|Any CPU.Build.0 = Debug|Any CPU
		{DDC710CD-734C-4A0B-AD2B-ACFCEE9AED55}.Release|Any CPU.ActiveCfg = Release|Any CPU
		{DDC710CD-734C-4A0B-AD2B-ACFCEE9AED55}.Release|Any CPU.Build.0 = Release|Any CPU
		{636A1A16-87A5-4C10-8B1A-DC9AFEAD5FAE}.Debug|Any CPU.ActiveCfg = Debug|Any CPU
		{636A1A16-87A5-4C10-8B1A-DC9AFEAD5FAE}.Debug|Any CPU.Build.0 = Debug|Any CPU
		{636A1A16-87A5-4C10-8B1A-DC9AFEAD5FAE}.Release|Any CPU.ActiveCfg = Release|Any CPU
		{636A1A16-87A5-4C10-8B1A-DC9AFEAD5FAE}.Release|Any CPU.Build.0 = Release|Any CPU
		{6FB868C3-8F9E-490C-AAB5-EB47E565CCA4}.Debug|Any CPU.ActiveCfg = Debug|Any CPU
		{6FB868C3-8F9E-490C-AAB5-EB47E565CCA4}.Debug|Any CPU.Build.0 = Debug|Any CPU
		{6FB868C3-8F9E-490C-AAB5-EB47E565CCA4}.Release|Any CPU.ActiveCfg = Release|Any CPU
		{6FB868C3-8F9E-490C-AAB5-EB47E565CCA4}.Release|Any CPU.Build.0 = Release|Any CPU
		{8C420AEC-F0ED-4B9B-8948-8E2C545C067B}.Debug|Any CPU.ActiveCfg = Debug|Any CPU
		{8C420AEC-F0ED-4B9B-8948-8E2C545C067B}.Debug|Any CPU.Build.0 = Debug|Any CPU
		{8C420AEC-F0ED-4B9B-8948-8E2C545C067B}.Release|Any CPU.ActiveCfg = Release|Any CPU
		{8C420AEC-F0ED-4B9B-8948-8E2C545C067B}.Release|Any CPU.Build.0 = Release|Any CPU
	EndGlobalSection
	GlobalSection(SolutionProperties) = preSolution
		HideSolutionNode = FALSE
	EndGlobalSection
EndGlobal
