
Microsoft Visual Studio Solution File, Format Version 12.00
# Visual Studio 14
VisualStudioVersion = 14.0.25123.0
MinimumVisualStudioVersion = 10.0.40219.1
Project("{FAE04EC0-301F-11D3-BF4B-00C04F79EFBC}") = "QaAppServerService", "QaAppServerService\QaAppServerService.csproj", "{462F1F6E-C2EE-480F-A09E-47AD931D1E1F}"
EndProject
Project("{FAE04EC0-301F-11D3-BF4B-00C04F79EFBC}") = "QATools", "QATools\QATools.csproj", "{72CA2B36-C1B3-441D-88BC-2A572599B4A7}"
EndProject
Global
	GlobalSection(SolutionConfigurationPlatforms) = preSolution
		Debug|Any CPU = Debug|Any CPU
		Release|Any CPU = Release|Any CPU
	EndGlobalSection
	GlobalSection(ProjectConfigurationPlatforms) = postSolution
		{462F1F6E-C2EE-480F-A09E-47AD931D1E1F}.Debug|Any CPU.ActiveCfg = Debug|Any CPU
		{462F1F6E-C2EE-480F-A09E-47AD931D1E1F}.Debug|Any CPU.Build.0 = Debug|Any CPU
		{462F1F6E-C2EE-480F-A09E-47AD931D1E1F}.Release|Any CPU.ActiveCfg = Release|Any CPU
		{462F1F6E-C2EE-480F-A09E-47AD931D1E1F}.Release|Any CPU.Build.0 = Release|Any CPU
		{72CA2B36-C1B3-441D-88BC-2A572599B4A7}.Debug|Any CPU.ActiveCfg = Debug|Any CPU
		{72CA2B36-C1B3-441D-88BC-2A572599B4A7}.Debug|Any CPU.Build.0 = Debug|Any CPU
		{72CA2B36-C1B3-441D-88BC-2A572599B4A7}.Release|Any CPU.ActiveCfg = Release|Any CPU
		{72CA2B36-C1B3-441D-88BC-2A572599B4A7}.Release|Any CPU.Build.0 = Release|Any CPU
	EndGlobalSection
	GlobalSection(SolutionProperties) = preSolution
		HideSolutionNode = FALSE
	EndGlobalSection
	GlobalSection(TeamFoundationVersionControl) = preSolution
		SccNumberOfProjects = 3
		SccEnterpriseProvider = {4CA58AB2-18FA-4F8D-95D4-32DDF27D184C}
		SccTeamFoundationServer = http://netvs-tfs:8080/tfs/bradyenergy
		SccLocalPath0 = .
		SccProjectUniqueName1 = QaAppServerService\\QaAppServerService.csproj
		SccProjectName1 = QaAppServerService
		SccLocalPath1 = QaAppServerService
		SccProjectUniqueName2 = QATools\\QATools.csproj
		SccProjectName2 = QATools
		SccLocalPath2 = QATools
	EndGlobalSection
EndGlobal
